{
  "lockfile_version": "1",
  "packages": {
    "bat@0.24.0": {
      "last_modified": "2024-02-26T19:46:43Z",
      "resolved": "github:NixOS/nixpkgs/548a86b335d7ecd8b57ec617781f5e652ab0c38e#bat",
      "source": "devbox-search",
      "version": "0.24.0",
      "systems": {
        "aarch64-darwin": {
          "store_path": "/nix/store/43ixsdb4ksw9lvbsy3zvwka74myrr62v-bat-0.24.0"
        },
        "aarch64-linux": {
          "store_path": "/nix/store/zvs97w08g5bzf0p70fj2iag0pm2y6lms-bat-0.24.0"
        },
        "x86_64-darwin": {
          "store_path": "/nix/store/bsywa983fl6sk4df7jh89ym2jz81v65q-bat-0.24.0"
        },
        "x86_64-linux": {
          "store_path": "/nix/store/k4rwiqjqqbhd6nsw3ypfifhjjcygym3y-bat-0.24.0"
        }
      }
    },
    "crossplane-cli@1.15.2": {
      "last_modified": "2024-04-19T17:36:04-04:00",
      "resolved": "github:NixOS/nixpkgs/92d295f588631b0db2da509f381b4fb1e74173c5#crossplane-cli",
      "source": "devbox-search",
      "version": "1.15.2",
      "systems": {
        "aarch64-darwin": {
          "outputs": [
            {
              "name": "out",
              "path": "/nix/store/pdkjzjl9ljlrrv90bnfwg9qim6aq7rah-crossplane-cli-1.15.2",
              "default": true
            }
          ],
          "store_path": "/nix/store/pdkjzjl9ljlrrv90bnfwg9qim6aq7rah-crossplane-cli-1.15.2"
        },
        "aarch64-linux": {
          "outputs": [
            {
              "name": "out",
              "path": "/nix/store/plca0lnmjjz86x2w5sis9hd6m9zxm9g1-crossplane-cli-1.15.2",
              "default": true
            }
          ],
          "store_path": "/nix/store/plca0lnmjjz86x2w5sis9hd6m9zxm9g1-crossplane-cli-1.15.2"
        },
        "x86_64-darwin": {
          "outputs": [
            {
              "name": "out",
              "path": "/nix/store/0q296bg5hm3ihxn67s977nqmvc5a20ks-crossplane-cli-1.15.2",
              "default": true
            }
          ],
          "store_path": "/nix/store/0q296bg5hm3ihxn67s977nqmvc5a20ks-crossplane-cli-1.15.2"
        },
        "x86_64-linux": {
          "outputs": [
            {
              "name": "out",
              "path": "/nix/store/4h624bpwzp0wk3jqav2m8nql7h1xhv7a-crossplane-cli-1.15.2",
              "default": true
            }
          ],
          "store_path": "/nix/store/4h624bpwzp0wk3jqav2m8nql7h1xhv7a-crossplane-cli-1.15.2"
        }
      }
    },
    "gh@2.44.1": {
      "last_modified": "2024-02-26T19:46:43Z",
      "resolved": "github:NixOS/nixpkgs/548a86b335d7ecd8b57ec617781f5e652ab0c38e#gh",
      "source": "devbox-search",
      "version": "2.44.1",
      "systems": {
        "aarch64-darwin": {
          "store_path": "/nix/store/lkpb81lblxbdlzdgn681irmynw55jbg8-gh-2.44.1"
        },
        "aarch64-linux": {
          "store_path": "/nix/store/fwh9lm5qmbz2fv5qlphj6y1dfcdjqcq0-gh-2.44.1"
        },
        "x86_64-darwin": {
          "store_path": "/nix/store/3qkb48sgf3zf40h9f5sr0kibpk1w27xp-gh-2.44.1"
        },
        "x86_64-linux": {
          "store_path": "/nix/store/z93n28s3f4izj97pnikh7y7y2zg61qwd-gh-2.44.1"
        }
      }
    },
    "gum@0.13.0": {
      "last_modified": "2024-04-19T17:36:04-04:00",
      "resolved": "github:NixOS/nixpkgs/92d295f588631b0db2da509f381b4fb1e74173c5#gum",
      "source": "devbox-search",
      "version": "0.13.0",
      "systems": {
        "aarch64-darwin": {
          "outputs": [
            {
              "name": "out",
              "path": "/nix/store/rv7y82ylid613qkg947a1icajp41jhr1-gum-0.13.0",
              "default": true
            }
          ],
          "store_path": "/nix/store/rv7y82ylid613qkg947a1icajp41jhr1-gum-0.13.0"
        },
        "aarch64-linux": {
          "outputs": [
            {
              "name": "out",
              "path": "/nix/store/mcbsnqvcz9q3j6mnbpwy5brid0zgzll6-gum-0.13.0",
              "default": true
            }
          ],
          "store_path": "/nix/store/mcbsnqvcz9q3j6mnbpwy5brid0zgzll6-gum-0.13.0"
        },
        "x86_64-darwin": {
          "outputs": [
            {
              "name": "out",
              "path": "/nix/store/vf21qsvvsmfs9diw5bk9b32iavp9pdfx-gum-0.13.0",
              "default": true
            }
          ],
          "store_path": "/nix/store/vf21qsvvsmfs9diw5bk9b32iavp9pdfx-gum-0.13.0"
        },
        "x86_64-linux": {
          "outputs": [
            {
              "name": "out",
              "path": "/nix/store/lmc0z0s5zlq5vvyv5y0cxhi727dzvq02-gum-0.13.0",
              "default": true
            }
          ],
          "store_path": "/nix/store/lmc0z0s5zlq5vvyv5y0cxhi727dzvq02-gum-0.13.0"
        }
      }
    },
    "jq@1.7.1": {
      "last_modified": "2024-04-28T10:22:29-04:00",
      "resolved": "github:NixOS/nixpkgs/cf8cc1201be8bc71b7cbbbdaf349b22f4f99c7ae#jq",
      "source": "devbox-search",
      "version": "1.7.1",
      "systems": {
        "aarch64-darwin": {
          "outputs": [
            {
              "name": "bin",
              "path": "/nix/store/cpd390lw7hzsbvsq02d3prxjyj987ykg-jq-1.7.1-bin",
              "default": true
            },
            {
              "name": "man",
              "path": "/nix/store/nm26pqk8f9cfdk42x0fzdhccfhijcycd-jq-1.7.1-man",
              "default": true
            },
            {
              "name": "lib",
              "path": "/nix/store/05mw0b8ririsykj8fpc1dy9lgnnlp77i-jq-1.7.1-lib"
            },
            {
              "name": "out",
              "path": "/nix/store/2il8xa2rsv55i0a86ivm59pndqfardhc-jq-1.7.1"
            },
            {
              "name": "dev",
              "path": "/nix/store/j1rai51ycjm9y5bayrfii1y0rqldbxxv-jq-1.7.1-dev"
            },
            {
              "name": "doc",
              "path": "/nix/store/a1sscyljd5lx674lh8ab7wjlb0d03x86-jq-1.7.1-doc"
            }
          ],
          "store_path": "/nix/store/cpd390lw7hzsbvsq02d3prxjyj987ykg-jq-1.7.1-bin"
        },
        "aarch64-linux": {
          "outputs": [
            {
              "name": "bin",
              "path": "/nix/store/www2wsy5azig3si2mcvcbig36npvz8p0-jq-1.7.1-bin",
              "default": true
            },
            {
              "name": "man",
              "path": "/nix/store/f8kd7zxmlciy87xrf1j36q2rymld3a22-jq-1.7.1-man",
              "default": true
            },
            {
              "name": "dev",
              "path": "/nix/store/b8ji00dhcknd1p9afa80ydral59z6dzp-jq-1.7.1-dev"
            },
            {
              "name": "doc",
              "path": "/nix/store/xmam34cnczr17warmz692jd3dyip25aq-jq-1.7.1-doc"
            },
            {
              "name": "lib",
              "path": "/nix/store/88miljr5qkqdzlhm7ib26fws4hkz04s8-jq-1.7.1-lib"
            },
            {
              "name": "out",
              "path": "/nix/store/dkpfzwwl049kk1dwnyjacabjvszjknww-jq-1.7.1"
            }
          ],
          "store_path": "/nix/store/www2wsy5azig3si2mcvcbig36npvz8p0-jq-1.7.1-bin"
        },
        "x86_64-darwin": {
          "outputs": [
            {
              "name": "bin",
              "path": "/nix/store/7v052gsm0fs3n9bcr9hdffspq8fnq872-jq-1.7.1-bin",
              "default": true
            },
            {
              "name": "man",
              "path": "/nix/store/dfsyxb7dqxwp3n1bnrzrvbz6lkmz8wyl-jq-1.7.1-man",
              "default": true
            },
            {
              "name": "out",
              "path": "/nix/store/fni2q2wmlr64d70j0dw97zhhzmay1nm3-jq-1.7.1"
            },
            {
              "name": "dev",
              "path": "/nix/store/p0q6vmks1ql07g9hv1p63mkvbs7331xq-jq-1.7.1-dev"
            },
            {
              "name": "doc",
              "path": "/nix/store/3mj72b0gx9kz2y04pcbnfvv6sk8y4jbi-jq-1.7.1-doc"
            },
            {
              "name": "lib",
              "path": "/nix/store/j5qzf4k1c747ci0fp2wdp9xa1czkb5s5-jq-1.7.1-lib"
            }
          ],
          "store_path": "/nix/store/7v052gsm0fs3n9bcr9hdffspq8fnq872-jq-1.7.1-bin"
        },
        "x86_64-linux": {
          "outputs": [
            {
              "name": "bin",
              "path": "/nix/store/sxmad6bc8j8qgqvcc7278fjsrgm89qkc-jq-1.7.1-bin",
              "default": true
            },
            {
              "name": "man",
              "path": "/nix/store/4d9grvh3ssqdqqzycbiyh535ikbs7rg7-jq-1.7.1-man",
              "default": true
            },
            {
              "name": "dev",
              "path": "/nix/store/82ma9xbiyybcqxmcqxd625hmv4nig19r-jq-1.7.1-dev"
            },
            {
              "name": "doc",
              "path": "/nix/store/q55rnn9jh9h3r6imb07w53dyk8d9sd1l-jq-1.7.1-doc"
            },
            {
              "name": "lib",
              "path": "/nix/store/rg32apprx9b1bidimbpypjcb3j4zp0vy-jq-1.7.1-lib"
            },
            {
              "name": "out",
              "path": "/nix/store/4isj4w52vpavwfd8yj9r78dmyg4zy48y-jq-1.7.1"
            }
          ],
          "store_path": "/nix/store/sxmad6bc8j8qgqvcc7278fjsrgm89qkc-jq-1.7.1-bin"
        }
      }
    },
    "just@1.30.1": {
      "last_modified": "2024-07-12T02:08:50Z",
      "resolved": "github:NixOS/nixpkgs/6794d064edc69918bb0fc0e0eda33ece324be17a#just",
      "source": "devbox-search",
      "version": "1.30.1",
      "systems": {
        "aarch64-darwin": {
          "outputs": [
            {
              "name": "out",
              "path": "/nix/store/fijyqdrc3c9h9c1aigg3npvq13zabnh4-just-1.30.1",
              "default": true
            },
            {
              "name": "man",
              "path": "/nix/store/jmg2xdl5xjvxqh3qx6dsbamfszd18xm2-just-1.30.1-man",
              "default": true
            },
            {
              "name": "doc",
              "path": "/nix/store/qnj8qnl9qbidmgcrzadwkb0kglgnfksa-just-1.30.1-doc"
            }
          ],
          "store_path": "/nix/store/fijyqdrc3c9h9c1aigg3npvq13zabnh4-just-1.30.1"
        },
        "aarch64-linux": {
          "outputs": [
            {
              "name": "out",
              "path": "/nix/store/cds2g9n52c5w5yflk4m7dqywh6gx724s-just-1.30.1",
              "default": true
            },
            {
              "name": "man",
              "path": "/nix/store/6irw1nqc4489zcyhy88gslxprp3ckjcc-just-1.30.1-man",
              "default": true
            },
            {
              "name": "doc",
              "path": "/nix/store/wl5r6smfascjgjza8wn30544804s2k2n-just-1.30.1-doc"
            }
          ],
          "store_path": "/nix/store/cds2g9n52c5w5yflk4m7dqywh6gx724s-just-1.30.1"
        },
        "x86_64-darwin": {
          "outputs": [
            {
              "name": "out",
              "path": "/nix/store/qnps599r8svgxds85if6myzb6la3f2dd-just-1.30.1",
              "default": true
            },
            {
              "name": "man",
              "path": "/nix/store/9vfdrz82ya0mlziapcybdcf96vhd0jfh-just-1.30.1-man",
              "default": true
            },
            {
              "name": "doc",
              "path": "/nix/store/c35vajljf5d86k7m74b51a0yj2n9qjgv-just-1.30.1-doc"
            }
          ],
          "store_path": "/nix/store/qnps599r8svgxds85if6myzb6la3f2dd-just-1.30.1"
        },
        "x86_64-linux": {
          "outputs": [
            {
              "name": "out",
              "path": "/nix/store/cbwhiw9bkbkanfjd1vh4k5fzqlj8imd1-just-1.30.1",
              "default": true
            },
            {
              "name": "man",
              "path": "/nix/store/iifkzzhzi65nhisacwb4rb8fb35i96x3-just-1.30.1-man",
              "default": true
            },
            {
              "name": "doc",
              "path": "/nix/store/x6jh7sbsrnzfpvxjafs75kwfbgpwvnad-just-1.30.1-doc"
            }
          ],
          "store_path": "/nix/store/cbwhiw9bkbkanfjd1vh4k5fzqlj8imd1-just-1.30.1"
        }
      }
    },
    "kcl-cli@0.8.7": {
      "last_modified": "2024-05-03T15:42:32Z",
      "resolved": "github:NixOS/nixpkgs/5fd8536a9a5932d4ae8de52b7dc08d92041237fc#kcl-cli",
      "source": "devbox-search",
      "version": "0.8.7",
      "systems": {
        "aarch64-darwin": {
          "outputs": [
            {
              "name": "out",
              "path": "/nix/store/5w4iwdxas8p7l0fl0yp70jhsbmi1n1gg-kcl-cli-0.8.7",
              "default": true
            }
          ],
          "store_path": "/nix/store/5w4iwdxas8p7l0fl0yp70jhsbmi1n1gg-kcl-cli-0.8.7"
        },
        "aarch64-linux": {
          "outputs": [
            {
              "name": "out",
              "path": "/nix/store/i935ryvdhylpsmpfqzhkzxqbiz8vqp2f-kcl-cli-0.8.7",
              "default": true
            }
          ],
          "store_path": "/nix/store/i935ryvdhylpsmpfqzhkzxqbiz8vqp2f-kcl-cli-0.8.7"
        },
        "x86_64-darwin": {
          "outputs": [
            {
              "name": "out",
              "path": "/nix/store/l3vl5najx3p6kw70x68r843zxv7d83br-kcl-cli-0.8.7",
              "default": true
            }
          ],
          "store_path": "/nix/store/l3vl5najx3p6kw70x68r843zxv7d83br-kcl-cli-0.8.7"
        },
        "x86_64-linux": {
          "outputs": [
            {
              "name": "out",
              "path": "/nix/store/l7j2ic66hvnr5aarcz88cv4icgigza7n-kcl-cli-0.8.7",
              "default": true
            }
          ],
          "store_path": "/nix/store/l7j2ic66hvnr5aarcz88cv4icgigza7n-kcl-cli-0.8.7"
        }
      }
    },
    "kind@0.22.0": {
      "last_modified": "2024-02-26T19:46:43Z",
      "resolved": "github:NixOS/nixpkgs/548a86b335d7ecd8b57ec617781f5e652ab0c38e#kind",
      "source": "devbox-search",
      "version": "0.22.0",
      "systems": {
        "aarch64-darwin": {
          "store_path": "/nix/store/s1p8n64s110a0c8px2d5k3d69lza5qzq-kind-0.22.0"
        },
        "aarch64-linux": {
          "store_path": "/nix/store/cskgcb61xxqjvc24h6x2qdjlx7in9z94-kind-0.22.0"
        },
        "x86_64-darwin": {
          "store_path": "/nix/store/5z2dird3mwkikxli3l108bd2nyqqm97m-kind-0.22.0"
        },
        "x86_64-linux": {
          "store_path": "/nix/store/8i78jy3332ja1i5knwdi88240i90f69z-kind-0.22.0"
        }
      }
    },
    "kubectl@1.29.2": {
      "last_modified": "2024-02-26T19:46:43Z",
      "resolved": "github:NixOS/nixpkgs/548a86b335d7ecd8b57ec617781f5e652ab0c38e#kubectl",
      "source": "devbox-search",
      "version": "1.29.2",
      "systems": {
        "aarch64-darwin": {
          "store_path": "/nix/store/ybqhvn4lf84h73krglxb4kjzacbadzmf-kubectl-1.29.2"
        },
        "aarch64-linux": {
          "store_path": "/nix/store/6755ladirg5n76n7j8q1fmy1z896623l-kubectl-1.29.2"
        },
        "x86_64-darwin": {
          "store_path": "/nix/store/njzmn0shqfz70hqdil9l12xf6x2vzlmz-kubectl-1.29.2"
        },
        "x86_64-linux": {
          "store_path": "/nix/store/l0pzdwk3fmqp7q4z0skblklnmdrykqp3-kubectl-1.29.2"
        }
      }
    },
    "kubernetes-helm@3.14.1": {
      "last_modified": "2024-02-15T12:53:33Z",
      "resolved": "github:NixOS/nixpkgs/085589047343aad800c4d305cf7b98e8a3d51ae2#kubernetes-helm",
      "source": "devbox-search",
      "version": "3.14.1",
      "systems": {
        "aarch64-darwin": {
          "store_path": "/nix/store/xg8xj4pd6c1cynyyzkwi9qkcj2v2ksg6-kubernetes-helm-3.14.1"
        },
        "aarch64-linux": {
          "store_path": "/nix/store/3nprlrbncvgs8bf411xnwgb2mgr6k4jg-kubernetes-helm-3.14.1"
        },
        "x86_64-darwin": {
          "store_path": "/nix/store/9dqgq61nf65fqmhma7sf905ywlvlbhfn-kubernetes-helm-3.14.1"
        },
        "x86_64-linux": {
          "store_path": "/nix/store/fqyfxm43pp2dfaw5qx17ss77zm7kp5nd-kubernetes-helm-3.14.1"
        }
      }
    },
    "kyverno-chainsaw@0.2.5": {
      "last_modified": "2024-07-07T16:08:25Z",
      "resolved": "github:NixOS/nixpkgs/ab82a9612aa45284d4adf69ee81871a389669a9e#kyverno-chainsaw",
      "source": "devbox-search",
      "version": "0.2.5",
      "systems": {
        "aarch64-darwin": {
          "outputs": [
            {
              "name": "out",
              "path": "/nix/store/31cdmlp5mih539314lwxq44arzzzxhb3-kyverno-chainsaw-0.2.5",
              "default": true
            }
          ],
          "store_path": "/nix/store/31cdmlp5mih539314lwxq44arzzzxhb3-kyverno-chainsaw-0.2.5"
        },
        "aarch64-linux": {
          "outputs": [
            {
              "name": "out",
              "path": "/nix/store/ny9vfpznq4vg04a0sjf3g1h8alrc7rd3-kyverno-chainsaw-0.2.5",
              "default": true
            }
          ],
          "store_path": "/nix/store/ny9vfpznq4vg04a0sjf3g1h8alrc7rd3-kyverno-chainsaw-0.2.5"
        },
        "x86_64-darwin": {
          "outputs": [
            {
              "name": "out",
              "path": "/nix/store/iylxcnrm2hak9z3khir29radj7m2az70-kyverno-chainsaw-0.2.5",
              "default": true
            }
          ],
          "store_path": "/nix/store/iylxcnrm2hak9z3khir29radj7m2az70-kyverno-chainsaw-0.2.5"
        },
        "x86_64-linux": {
          "outputs": [
            {
              "name": "out",
              "path": "/nix/store/mbcx1lql6g40bp8sim2vq87hlgdam5ba-kyverno-chainsaw-0.2.5",
              "default": true
            }
          ],
          "store_path": "/nix/store/mbcx1lql6g40bp8sim2vq87hlgdam5ba-kyverno-chainsaw-0.2.5"
        }
      }
    },
    "upbound@0.24.1": {
      "last_modified": "2024-02-26T19:46:43Z",
      "resolved": "github:NixOS/nixpkgs/548a86b335d7ecd8b57ec617781f5e652ab0c38e#upbound",
      "source": "devbox-search",
      "version": "0.24.1",
      "systems": {
        "aarch64-darwin": {
          "store_path": "/nix/store/xfmgx6ic3kylbv9996140571q5mlmnh8-upbound-0.24.1"
        },
        "aarch64-linux": {
          "store_path": "/nix/store/zsiqhrv23w3bp4hpzrlgbs6iwn1j6yqf-upbound-0.24.1"
        },
        "x86_64-darwin": {
          "store_path": "/nix/store/hsjcj3d120zmlzd9xhig7h8imczq2kyq-upbound-0.24.1"
        },
        "x86_64-linux": {
          "store_path": "/nix/store/imdy2aiwpxfqb7bl5kp4hawbgm4n2igc-upbound-0.24.1"
        }
      }
    },
    "viddy@0.4.0": {
      "last_modified": "2024-04-19T17:36:04-04:00",
      "resolved": "github:NixOS/nixpkgs/92d295f588631b0db2da509f381b4fb1e74173c5#viddy",
      "source": "devbox-search",
      "version": "0.4.0",
      "systems": {
        "aarch64-darwin": {
          "outputs": [
            {
              "name": "out",
              "path": "/nix/store/zj4zdv01ik9x3mjdrjd4vhqwxrpqzzpg-viddy-0.4.0",
              "default": true
            }
          ],
          "store_path": "/nix/store/zj4zdv01ik9x3mjdrjd4vhqwxrpqzzpg-viddy-0.4.0"
        },
        "aarch64-linux": {
          "outputs": [
            {
              "name": "out",
              "path": "/nix/store/mwbhw490mp3dsqb3f5v05h6h56p9x88k-viddy-0.4.0",
              "default": true
            }
          ],
          "store_path": "/nix/store/mwbhw490mp3dsqb3f5v05h6h56p9x88k-viddy-0.4.0"
        },
        "x86_64-darwin": {
          "outputs": [
            {
              "name": "out",
              "path": "/nix/store/5hdagc0lwhz5jjc96x04a4if6xn1z34i-viddy-0.4.0",
              "default": true
            }
          ],
          "store_path": "/nix/store/5hdagc0lwhz5jjc96x04a4if6xn1z34i-viddy-0.4.0"
        },
        "x86_64-linux": {
          "outputs": [
            {
              "name": "out",
              "path": "/nix/store/b0fq810f916nfpb6hk0akif055qkdbf7-viddy-0.4.0",
              "default": true
            }
          ],
          "store_path": "/nix/store/b0fq810f916nfpb6hk0akif055qkdbf7-viddy-0.4.0"
        }
      }
    },
    "watchexec@1.25.1": {
      "last_modified": "2024-04-19T17:36:04-04:00",
      "resolved": "github:NixOS/nixpkgs/92d295f588631b0db2da509f381b4fb1e74173c5#watchexec",
      "source": "devbox-search",
      "version": "1.25.1",
      "systems": {
        "aarch64-darwin": {
          "outputs": [
            {
              "name": "out",
              "path": "/nix/store/1ig7ihi19k72dzhncar24hvsqdq89ljc-watchexec-1.25.1",
              "default": true
            }
          ],
          "store_path": "/nix/store/1ig7ihi19k72dzhncar24hvsqdq89ljc-watchexec-1.25.1"
        },
        "aarch64-linux": {
          "outputs": [
            {
              "name": "out",
              "path": "/nix/store/yhmf7bncqv54mddcsz6dabhsrb99ligi-watchexec-1.25.1",
              "default": true
            }
          ],
          "store_path": "/nix/store/yhmf7bncqv54mddcsz6dabhsrb99ligi-watchexec-1.25.1"
        },
        "x86_64-darwin": {
          "outputs": [
            {
              "name": "out",
              "path": "/nix/store/w1hqixznmxj4cdaypal1m14n3yixviv9-watchexec-1.25.1",
              "default": true
            }
          ],
          "store_path": "/nix/store/w1hqixznmxj4cdaypal1m14n3yixviv9-watchexec-1.25.1"
        },
        "x86_64-linux": {
          "outputs": [
            {
              "name": "out",
              "path": "/nix/store/bjdqqwdjgv4rgb45k31rxar0syzjcqwh-watchexec-1.25.1",
              "default": true
            }
          ],
          "store_path": "/nix/store/bjdqqwdjgv4rgb45k31rxar0syzjcqwh-watchexec-1.25.1"
        }
      }
    },
    "yq-go@4.43.1": {
      "last_modified": "2024-04-19T17:36:04-04:00",
      "resolved": "github:NixOS/nixpkgs/92d295f588631b0db2da509f381b4fb1e74173c5#yq-go",
      "source": "devbox-search",
      "version": "4.43.1",
      "systems": {
        "aarch64-darwin": {
          "outputs": [
            {
              "name": "out",
              "path": "/nix/store/rfiv0y75hj8730n1a6drnjhkk7vhdl9j-yq-go-4.43.1",
              "default": true
            }
          ],
          "store_path": "/nix/store/rfiv0y75hj8730n1a6drnjhkk7vhdl9j-yq-go-4.43.1"
        },
        "aarch64-linux": {
          "outputs": [
            {
              "name": "out",
              "path": "/nix/store/jni4dcywxfmwabxqmadp6lha4bn2sv2a-yq-go-4.43.1",
              "default": true
            }
          ],
          "store_path": "/nix/store/jni4dcywxfmwabxqmadp6lha4bn2sv2a-yq-go-4.43.1"
        },
        "x86_64-darwin": {
          "outputs": [
            {
              "name": "out",
              "path": "/nix/store/kd7h15ml6ypamdm65vdw1961zmcrqswk-yq-go-4.43.1",
              "default": true
            }
          ],
          "store_path": "/nix/store/kd7h15ml6ypamdm65vdw1961zmcrqswk-yq-go-4.43.1"
        },
        "x86_64-linux": {
          "outputs": [
            {
              "name": "out",
              "path": "/nix/store/3im0h6slqakpx47p6y87var90hsvxqsy-yq-go-4.43.1",
              "default": true
            }
          ],
          "store_path": "/nix/store/3im0h6slqakpx47p6y87var90hsvxqsy-yq-go-4.43.1"
        }
      }
    }
  }
}
