{
  "lockfile_version": "1",
  "packages": {
    "awscli2@2.27.31": {
      "last_modified": "2025-06-20T02:24:11Z",
      "resolved": "github:NixOS/nixpkgs/076e8c6678d8c54204abcb4b1b14c366835a58bb#awscli2",
      "source": "devbox-search",
      "version": "2.27.31",
      "systems": {
        "aarch64-darwin": {
          "outputs": [
            {
              "name": "out",
              "path": "/nix/store/lf415l1c72pcd38vb00q3mzsd2znwpjh-awscli2-2.27.31",
              "default": true
            },
            {
              "name": "dist",
              "path": "/nix/store/na3c68waljxfxm98c8wvi489i681v9d2-awscli2-2.27.31-dist"
            }
          ],
          "store_path": "/nix/store/lf415l1c72pcd38vb00q3mzsd2znwpjh-awscli2-2.27.31"
        },
        "aarch64-linux": {
          "outputs": [
            {
              "name": "out",
              "path": "/nix/store/snq5hbpvcjlvqjh1sz26m4z67smnk0dw-awscli2-2.27.31",
              "default": true
            },
            {
              "name": "dist",
              "path": "/nix/store/lfdlpwc21bjy9hfmixrpgn72mv5z2zdb-awscli2-2.27.31-dist"
            }
          ],
          "store_path": "/nix/store/snq5hbpvcjlvqjh1sz26m4z67smnk0dw-awscli2-2.27.31"
        },
        "x86_64-darwin": {
          "outputs": [
            {
              "name": "out",
              "path": "/nix/store/xihbkimfh881hl7h8p9pb2n7j0nyf25n-awscli2-2.27.31",
              "default": true
            },
            {
              "name": "dist",
              "path": "/nix/store/yl6qrgb0p1h7z69195yhyyb6w8fcyx0p-awscli2-2.27.31-dist"
            }
          ],
          "store_path": "/nix/store/xihbkimfh881hl7h8p9pb2n7j0nyf25n-awscli2-2.27.31"
        },
        "x86_64-linux": {
          "outputs": [
            {
              "name": "out",
              "path": "/nix/store/38n0ka2gmcq5vxv5n7lzas1m5vgrnmgf-awscli2-2.27.31",
              "default": true
            },
            {
              "name": "dist",
              "path": "/nix/store/bsn6swzg3h55xgp12lv1l49xnc0li5hw-awscli2-2.27.31-dist"
            }
          ],
          "store_path": "/nix/store/38n0ka2gmcq5vxv5n7lzas1m5vgrnmgf-awscli2-2.27.31"
        }
      }
    },
    "azure-cli@2.74.0": {
      "last_modified": "2025-06-08T07:56:50Z",
      "resolved": "github:NixOS/nixpkgs/8207ad0d501dd3590e0e81a7c56b386a5c4342c9#azure-cli",
      "source": "devbox-search",
      "version": "2.74.0",
      "systems": {
        "aarch64-darwin": {
          "outputs": [
            {
              "name": "out",
              "path": "/nix/store/9yrzpb7x3mmiks123zgp2ljx8fhara3m-python3.12-azure-cli-2.74.0",
              "default": true
            },
            {
              "name": "dist",
              "path": "/nix/store/650xlsw8a6blnhgsz8w12vsxdziw5mgq-python3.12-azure-cli-2.74.0-dist"
            }
          ],
          "store_path": "/nix/store/9yrzpb7x3mmiks123zgp2ljx8fhara3m-python3.12-azure-cli-2.74.0"
        },
        "aarch64-linux": {
          "outputs": [
            {
              "name": "out",
              "path": "/nix/store/h1r9dprfc2b9xqs1yxbklwzilqdb9pkm-python3.12-azure-cli-2.74.0",
              "default": true
            },
            {
              "name": "dist",
              "path": "/nix/store/23x2v7yb7g2iakr7lr3zb3iw3pnhrd5l-python3.12-azure-cli-2.74.0-dist"
            }
          ],
          "store_path": "/nix/store/h1r9dprfc2b9xqs1yxbklwzilqdb9pkm-python3.12-azure-cli-2.74.0"
        },
        "x86_64-darwin": {
          "outputs": [
            {
              "name": "out",
              "path": "/nix/store/6saiyz2zy35jvqqvqwfxx369nmmycal5-python3.12-azure-cli-2.74.0",
              "default": true
            },
            {
              "name": "dist",
              "path": "/nix/store/9gminpb04z1yd74yncfhad1zzxviwbi0-python3.12-azure-cli-2.74.0-dist"
            }
          ],
          "store_path": "/nix/store/6saiyz2zy35jvqqvqwfxx369nmmycal5-python3.12-azure-cli-2.74.0"
        },
        "x86_64-linux": {
          "outputs": [
            {
              "name": "out",
              "path": "/nix/store/v6aafr3w19d851y7m1ngsdcbahzhw2mh-python3.12-azure-cli-2.74.0",
              "default": true
            },
            {
              "name": "dist",
              "path": "/nix/store/g82mgflnxyiqklrw3pc8a2dpajzmrd1x-python3.12-azure-cli-2.74.0-dist"
            }
          ],
          "store_path": "/nix/store/v6aafr3w19d851y7m1ngsdcbahzhw2mh-python3.12-azure-cli-2.74.0"
        }
      }
    },
    "bat@0.25.0": {
      "last_modified": "2025-01-19T08:16:51Z",
      "resolved": "github:NixOS/nixpkgs/50165c4f7eb48ce82bd063e1fb8047a0f515f8ce#bat",
      "source": "devbox-search",
      "version": "0.25.0",
      "systems": {
        "aarch64-darwin": {
          "outputs": [
            {
              "name": "out",
              "path": "/nix/store/64j9hxqbm4x1f1w2ci8wmkshipglmylr-bat-0.25.0",
              "default": true
            }
          ],
          "store_path": "/nix/store/64j9hxqbm4x1f1w2ci8wmkshipglmylr-bat-0.25.0"
        },
        "aarch64-linux": {
          "outputs": [
            {
              "name": "out",
              "path": "/nix/store/anyzgi7mcih0w0kcah481yyx0q4xm2z0-bat-0.25.0",
              "default": true
            }
          ],
          "store_path": "/nix/store/anyzgi7mcih0w0kcah481yyx0q4xm2z0-bat-0.25.0"
        },
        "x86_64-darwin": {
          "outputs": [
            {
              "name": "out",
              "path": "/nix/store/5r2f874181wzkkv9kasxwgpysnjs931h-bat-0.25.0",
              "default": true
            }
          ],
          "store_path": "/nix/store/5r2f874181wzkkv9kasxwgpysnjs931h-bat-0.25.0"
        },
        "x86_64-linux": {
          "outputs": [
            {
              "name": "out",
              "path": "/nix/store/gripb51fm48l44qwhm0bk0ji3b55ki03-bat-0.25.0",
              "default": true
            }
          ],
          "store_path": "/nix/store/gripb51fm48l44qwhm0bk0ji3b55ki03-bat-0.25.0"
        }
      }
    },
    "crossplane-cli@1.20.0": {
      "last_modified": "2025-05-24T21:46:02Z",
      "resolved": "github:NixOS/nixpkgs/edb3633f9100d9277d1c9af245a4e9337a980c07#crossplane-cli",
      "source": "devbox-search",
      "version": "1.20.0",
      "systems": {
        "aarch64-darwin": {
          "outputs": [
            {
              "name": "out",
              "path": "/nix/store/qp92q8nijc35f1fhqqw6lbpfj2h2bqz8-crossplane-cli-1.20.0",
              "default": true
            }
          ],
          "store_path": "/nix/store/qp92q8nijc35f1fhqqw6lbpfj2h2bqz8-crossplane-cli-1.20.0"
        },
        "aarch64-linux": {
          "outputs": [
            {
              "name": "out",
              "path": "/nix/store/v877870zdg4wh6q4dqhkic1vlvdd088y-crossplane-cli-1.20.0",
              "default": true
            }
          ],
          "store_path": "/nix/store/v877870zdg4wh6q4dqhkic1vlvdd088y-crossplane-cli-1.20.0"
        },
        "x86_64-darwin": {
          "outputs": [
            {
              "name": "out",
              "path": "/nix/store/h66dvlv0nfw9i163kbd7l25pbqjz66yr-crossplane-cli-1.20.0",
              "default": true
            }
          ],
          "store_path": "/nix/store/h66dvlv0nfw9i163kbd7l25pbqjz66yr-crossplane-cli-1.20.0"
        },
        "x86_64-linux": {
          "outputs": [
            {
              "name": "out",
              "path": "/nix/store/qmdm9gg6v740jnf30ral05mdmaz5x9cf-crossplane-cli-1.20.0",
              "default": true
            }
          ],
          "store_path": "/nix/store/qmdm9gg6v740jnf30ral05mdmaz5x9cf-crossplane-cli-1.20.0"
        }
      }
    },
    "gh@2.74.1": {
      "last_modified": "2025-06-11T05:21:29Z",
      "resolved": "github:NixOS/nixpkgs/f72be405a10668b8b00937b452f2145244103ebc#gh",
      "source": "devbox-search",
      "version": "2.74.1",
      "systems": {
        "aarch64-darwin": {
          "outputs": [
            {
              "name": "out",
              "path": "/nix/store/p8mq9k98247ga6hp82p79mgjhwizz7y2-gh-2.74.1",
              "default": true
            }
          ],
          "store_path": "/nix/store/p8mq9k98247ga6hp82p79mgjhwizz7y2-gh-2.74.1"
        },
        "aarch64-linux": {
          "outputs": [
            {
              "name": "out",
              "path": "/nix/store/20ndq1vqz76jwj05jq1qza37r7mhcdbh-gh-2.74.1",
              "default": true
            }
          ],
          "store_path": "/nix/store/20ndq1vqz76jwj05jq1qza37r7mhcdbh-gh-2.74.1"
        },
        "x86_64-darwin": {
          "outputs": [
            {
              "name": "out",
              "path": "/nix/store/cm40jchywhdkc4pcsli26sjnjzq8l0k6-gh-2.74.1",
              "default": true
            }
          ],
          "store_path": "/nix/store/cm40jchywhdkc4pcsli26sjnjzq8l0k6-gh-2.74.1"
        },
        "x86_64-linux": {
          "outputs": [
            {
              "name": "out",
              "path": "/nix/store/yvh0c8j538k9clk6wmsmif4kf2jq7wys-gh-2.74.1",
              "default": true
            }
          ],
          "store_path": "/nix/store/yvh0c8j538k9clk6wmsmif4kf2jq7wys-gh-2.74.1"
        }
      }
    },
    "git@2.49.0": {
      "last_modified": "2025-04-17T05:47:26Z",
      "resolved": "github:NixOS/nixpkgs/ebe4301cbd8f81c4f8d3244b3632338bbeb6d49c#git",
      "source": "devbox-search",
      "version": "2.49.0",
      "systems": {
        "aarch64-darwin": {
          "outputs": [
            {
              "name": "out",
              "path": "/nix/store/s5b9rm8fjxggjak0yl2dkxzswfpzl8p8-git-2.49.0",
              "default": true
            },
            {
              "name": "doc",
              "path": "/nix/store/2hygrabh741w0ynwcb6gy2922cx4fnj3-git-2.49.0-doc"
            }
          ],
          "store_path": "/nix/store/s5b9rm8fjxggjak0yl2dkxzswfpzl8p8-git-2.49.0"
        },
        "aarch64-linux": {
          "outputs": [
            {
              "name": "out",
              "path": "/nix/store/rs24n34brzvcmgld6mgfg0dd7ynv26pp-git-2.49.0",
              "default": true
            },
            {
              "name": "debug",
              "path": "/nix/store/wgki5jsxgg6lxqh98jgbj9dnwv7f68cw-git-2.49.0-debug"
            },
            {
              "name": "doc",
              "path": "/nix/store/3h7fnw0qhy92c8iyrv2i64r6wywsnjsa-git-2.49.0-doc"
            }
          ],
          "store_path": "/nix/store/rs24n34brzvcmgld6mgfg0dd7ynv26pp-git-2.49.0"
        },
        "x86_64-darwin": {
          "outputs": [
            {
              "name": "out",
              "path": "/nix/store/0zv7h6mzrxk0sarvis22imr9nmnmqlpg-git-2.49.0",
              "default": true
            },
            {
              "name": "doc",
              "path": "/nix/store/yiy6g5pi9jvp2nzgd4ncfwbhs13nwwz1-git-2.49.0-doc"
            }
          ],
          "store_path": "/nix/store/0zv7h6mzrxk0sarvis22imr9nmnmqlpg-git-2.49.0"
        },
        "x86_64-linux": {
          "outputs": [
            {
              "name": "out",
              "path": "/nix/store/z8z1mhfnvw40dwljqazxv0343sv5ds2g-git-2.49.0",
              "default": true
            },
            {
              "name": "debug",
              "path": "/nix/store/w547h0xwq9489xnqg1ddqlh1v71xvng8-git-2.49.0-debug"
            },
            {
              "name": "doc",
              "path": "/nix/store/rjjf5h1qcwgdxs9w23h6p0bhavgaknyh-git-2.49.0-doc"
            }
          ],
          "store_path": "/nix/store/z8z1mhfnvw40dwljqazxv0343sv5ds2g-git-2.49.0"
        }
      }
    },
    "github:NixOS/nixpkgs/nixpkgs-unstable": {
      "last_modified": "2025-04-13T09:22:33Z",
      "resolved": "github:NixOS/nixpkgs/18dd725c29603f582cf1900e0d25f9f1063dbf11?lastModified=1744536153&narHash=sha256-awS2zRgF4uTwrOKwwiJcByDzDOdo3Q1rPZbiHQg%2FN38%3D"
    },
    "gum@0.16.1": {
      "last_modified": "2025-06-17T01:11:27Z",
      "resolved": "github:NixOS/nixpkgs/c539ae8d21e49776966d714f82fba33b1fca78bc#gum",
      "source": "devbox-search",
      "version": "0.16.1",
      "systems": {
        "aarch64-darwin": {
          "outputs": [
            {
              "name": "out",
              "path": "/nix/store/k3hfaznp6m5zm7436gki029amjycscfs-gum-0.16.1",
              "default": true
            }
          ],
          "store_path": "/nix/store/k3hfaznp6m5zm7436gki029amjycscfs-gum-0.16.1"
        },
        "aarch64-linux": {
          "outputs": [
            {
              "name": "out",
              "path": "/nix/store/aaf6hhl897a6l2xv9jwgjsr5gwj000wl-gum-0.16.1",
              "default": true
            }
          ],
          "store_path": "/nix/store/aaf6hhl897a6l2xv9jwgjsr5gwj000wl-gum-0.16.1"
        },
        "x86_64-darwin": {
          "outputs": [
            {
              "name": "out",
              "path": "/nix/store/djbqwg8la91xj8qnjp0nv1brqnvv69q5-gum-0.16.1",
              "default": true
            }
          ],
          "store_path": "/nix/store/djbqwg8la91xj8qnjp0nv1brqnvv69q5-gum-0.16.1"
        },
        "x86_64-linux": {
          "outputs": [
            {
              "name": "out",
              "path": "/nix/store/lyqs0m9rf0laldm1gfa439nd3pxpxsby-gum-0.16.1",
              "default": true
            }
          ],
          "store_path": "/nix/store/lyqs0m9rf0laldm1gfa439nd3pxpxsby-gum-0.16.1"
        }
      }
    },
    "jq@1.7.1": {
      "last_modified": "2024-04-28T10:22:29-04:00",
      "resolved": "github:NixOS/nixpkgs/cf8cc1201be8bc71b7cbbbdaf349b22f4f99c7ae#jq",
      "source": "devbox-search",
      "version": "1.7.1",
      "systems": {
        "aarch64-darwin": {
          "outputs": [
            {
              "name": "bin",
              "path": "/nix/store/cpd390lw7hzsbvsq02d3prxjyj987ykg-jq-1.7.1-bin",
              "default": true
            },
            {
              "name": "man",
              "path": "/nix/store/nm26pqk8f9cfdk42x0fzdhccfhijcycd-jq-1.7.1-man",
              "default": true
            },
            {
              "name": "lib",
              "path": "/nix/store/05mw0b8ririsykj8fpc1dy9lgnnlp77i-jq-1.7.1-lib"
            },
            {
              "name": "out",
              "path": "/nix/store/2il8xa2rsv55i0a86ivm59pndqfardhc-jq-1.7.1"
            },
            {
              "name": "dev",
              "path": "/nix/store/j1rai51ycjm9y5bayrfii1y0rqldbxxv-jq-1.7.1-dev"
            },
            {
              "name": "doc",
              "path": "/nix/store/a1sscyljd5lx674lh8ab7wjlb0d03x86-jq-1.7.1-doc"
            }
          ],
          "store_path": "/nix/store/cpd390lw7hzsbvsq02d3prxjyj987ykg-jq-1.7.1-bin"
        },
        "aarch64-linux": {
          "outputs": [
            {
              "name": "bin",
              "path": "/nix/store/www2wsy5azig3si2mcvcbig36npvz8p0-jq-1.7.1-bin",
              "default": true
            },
            {
              "name": "man",
              "path": "/nix/store/f8kd7zxmlciy87xrf1j36q2rymld3a22-jq-1.7.1-man",
              "default": true
            },
            {
              "name": "dev",
              "path": "/nix/store/b8ji00dhcknd1p9afa80ydral59z6dzp-jq-1.7.1-dev"
            },
            {
              "name": "doc",
              "path": "/nix/store/xmam34cnczr17warmz692jd3dyip25aq-jq-1.7.1-doc"
            },
            {
              "name": "lib",
              "path": "/nix/store/88miljr5qkqdzlhm7ib26fws4hkz04s8-jq-1.7.1-lib"
            },
            {
              "name": "out",
              "path": "/nix/store/dkpfzwwl049kk1dwnyjacabjvszjknww-jq-1.7.1"
            }
          ],
          "store_path": "/nix/store/www2wsy5azig3si2mcvcbig36npvz8p0-jq-1.7.1-bin"
        },
        "x86_64-darwin": {
          "outputs": [
            {
              "name": "bin",
              "path": "/nix/store/7v052gsm0fs3n9bcr9hdffspq8fnq872-jq-1.7.1-bin",
              "default": true
            },
            {
              "name": "man",
              "path": "/nix/store/dfsyxb7dqxwp3n1bnrzrvbz6lkmz8wyl-jq-1.7.1-man",
              "default": true
            },
            {
              "name": "out",
              "path": "/nix/store/fni2q2wmlr64d70j0dw97zhhzmay1nm3-jq-1.7.1"
            },
            {
              "name": "dev",
              "path": "/nix/store/p0q6vmks1ql07g9hv1p63mkvbs7331xq-jq-1.7.1-dev"
            },
            {
              "name": "doc",
              "path": "/nix/store/3mj72b0gx9kz2y04pcbnfvv6sk8y4jbi-jq-1.7.1-doc"
            },
            {
              "name": "lib",
              "path": "/nix/store/j5qzf4k1c747ci0fp2wdp9xa1czkb5s5-jq-1.7.1-lib"
            }
          ],
          "store_path": "/nix/store/7v052gsm0fs3n9bcr9hdffspq8fnq872-jq-1.7.1-bin"
        },
        "x86_64-linux": {
          "outputs": [
            {
              "name": "bin",
              "path": "/nix/store/sxmad6bc8j8qgqvcc7278fjsrgm89qkc-jq-1.7.1-bin",
              "default": true
            },
            {
              "name": "man",
              "path": "/nix/store/4d9grvh3ssqdqqzycbiyh535ikbs7rg7-jq-1.7.1-man",
              "default": true
            },
            {
              "name": "dev",
              "path": "/nix/store/82ma9xbiyybcqxmcqxd625hmv4nig19r-jq-1.7.1-dev"
            },
            {
              "name": "doc",
              "path": "/nix/store/q55rnn9jh9h3r6imb07w53dyk8d9sd1l-jq-1.7.1-doc"
            },
            {
              "name": "lib",
              "path": "/nix/store/rg32apprx9b1bidimbpypjcb3j4zp0vy-jq-1.7.1-lib"
            },
            {
              "name": "out",
              "path": "/nix/store/4isj4w52vpavwfd8yj9r78dmyg4zy48y-jq-1.7.1"
            }
          ],
          "store_path": "/nix/store/sxmad6bc8j8qgqvcc7278fjsrgm89qkc-jq-1.7.1-bin"
        }
      }
    },
    "just@1.40.0": {
      "last_modified": "2025-05-06T08:06:31Z",
      "resolved": "github:NixOS/nixpkgs/1cb1c02a6b1b7cf67e3d7731cbbf327a53da9679#just",
      "source": "devbox-search",
      "version": "1.40.0",
      "systems": {
        "aarch64-darwin": {
          "outputs": [
            {
              "name": "out",
              "path": "/nix/store/rs6apwlw9fpzi9zb2hcsv6p90ks77pjm-just-1.40.0",
              "default": true
            },
            {
              "name": "man",
              "path": "/nix/store/g8x79ibjmwxanc2fjzj8f35amb6dyj59-just-1.40.0-man",
              "default": true
            },
            {
              "name": "doc",
              "path": "/nix/store/3dqwc51rzq2v5anvpljd0srnx02xvizz-just-1.40.0-doc"
            }
          ],
          "store_path": "/nix/store/rs6apwlw9fpzi9zb2hcsv6p90ks77pjm-just-1.40.0"
        },
        "aarch64-linux": {
          "outputs": [
            {
              "name": "out",
              "path": "/nix/store/n62virikn17adjxrmmza7y8dbz248f1q-just-1.40.0",
              "default": true
            },
            {
              "name": "man",
              "path": "/nix/store/4rc49ixdgw0bxvs3zvmcf3qb0mvys9s4-just-1.40.0-man",
              "default": true
            },
            {
              "name": "doc",
              "path": "/nix/store/vzyrm43p3bmn3nv46pxzk20vrpc7qjrf-just-1.40.0-doc"
            }
          ],
          "store_path": "/nix/store/n62virikn17adjxrmmza7y8dbz248f1q-just-1.40.0"
        },
        "x86_64-darwin": {
          "outputs": [
            {
              "name": "out",
              "path": "/nix/store/x98wn8w3sm5r8kbyllmrjjrl934i5zy2-just-1.40.0",
              "default": true
            },
            {
              "name": "man",
              "path": "/nix/store/lpq0fkhsnkl8702i3ys0ym88040kk0d9-just-1.40.0-man",
              "default": true
            },
            {
              "name": "doc",
              "path": "/nix/store/2466n0nhc0h4apb1h5hjvk4gj9g5f9p0-just-1.40.0-doc"
            }
          ],
          "store_path": "/nix/store/x98wn8w3sm5r8kbyllmrjjrl934i5zy2-just-1.40.0"
        },
        "x86_64-linux": {
          "outputs": [
            {
              "name": "out",
              "path": "/nix/store/gykaky8lj8gz4akpwpq2iypjf57yyzjg-just-1.40.0",
              "default": true
            },
            {
              "name": "man",
              "path": "/nix/store/94hmi52j1sw2c9pgi98smisznhfzarzx-just-1.40.0-man",
              "default": true
            },
            {
              "name": "doc",
              "path": "/nix/store/6w4fqrh33sfvvyjwygs24kw413vfrqrp-just-1.40.0-doc"
            }
          ],
          "store_path": "/nix/store/gykaky8lj8gz4akpwpq2iypjf57yyzjg-just-1.40.0"
        }
      }
    },
    "kcl-cli@0.8.9": {
      "last_modified": "2024-06-12T20:55:33Z",
      "resolved": "github:NixOS/nixpkgs/a9858885e197f984d92d7fe64e9fff6b2e488d40#kcl-cli",
      "source": "devbox-search",
      "version": "0.8.9",
      "systems": {
        "aarch64-darwin": {
          "outputs": [
            {
              "name": "out",
              "path": "/nix/store/ry8c4a6x9nbbsmaj2lj1irlgmcs7smdl-kcl-cli-0.8.9",
              "default": true
            }
          ],
          "store_path": "/nix/store/ry8c4a6x9nbbsmaj2lj1irlgmcs7smdl-kcl-cli-0.8.9"
        },
        "aarch64-linux": {
          "outputs": [
            {
              "name": "out",
              "path": "/nix/store/58ifnm27y99m1w0rgpzmhrbcmxndk523-kcl-cli-0.8.9",
              "default": true
            }
          ],
          "store_path": "/nix/store/58ifnm27y99m1w0rgpzmhrbcmxndk523-kcl-cli-0.8.9"
        },
        "x86_64-darwin": {
          "outputs": [
            {
              "name": "out",
              "path": "/nix/store/2pkcszc6208v05wl3q3l00mkv4am7v2l-kcl-cli-0.8.9",
              "default": true
            }
          ],
          "store_path": "/nix/store/2pkcszc6208v05wl3q3l00mkv4am7v2l-kcl-cli-0.8.9"
        },
        "x86_64-linux": {
          "outputs": [
            {
              "name": "out",
              "path": "/nix/store/dvj111276zx6mimvcpfars11gwq071nl-kcl-cli-0.8.9",
              "default": true
            }
          ],
          "store_path": "/nix/store/dvj111276zx6mimvcpfars11gwq071nl-kcl-cli-0.8.9"
        }
      }
    },
    "kind@0.29.0": {
      "last_modified": "2025-06-12T07:29:08Z",
      "resolved": "github:NixOS/nixpkgs/d202f48f1249f013aa2660c6733e251c85712cbe#kind",
      "source": "devbox-search",
      "version": "0.29.0",
      "systems": {
        "aarch64-darwin": {
          "outputs": [
            {
              "name": "out",
              "path": "/nix/store/81jc2zsdv4zhdniyyggpxm56lpl88cxb-kind-0.29.0",
              "default": true
            }
          ],
          "store_path": "/nix/store/81jc2zsdv4zhdniyyggpxm56lpl88cxb-kind-0.29.0"
        },
        "aarch64-linux": {
          "outputs": [
            {
              "name": "out",
              "path": "/nix/store/dwzvvmcignd20dg6kgizzn71vkj9la91-kind-0.29.0",
              "default": true
            }
          ],
          "store_path": "/nix/store/dwzvvmcignd20dg6kgizzn71vkj9la91-kind-0.29.0"
        },
        "x86_64-darwin": {
          "outputs": [
            {
              "name": "out",
              "path": "/nix/store/shydfb0h27gbdrmwhjbfg354xc22vxg2-kind-0.29.0",
              "default": true
            }
          ],
          "store_path": "/nix/store/shydfb0h27gbdrmwhjbfg354xc22vxg2-kind-0.29.0"
        },
        "x86_64-linux": {
          "outputs": [
            {
              "name": "out",
              "path": "/nix/store/52vfnn1wcqn3d5jzrqvcd6yzp3i1gw2m-kind-0.29.0",
              "default": true
            }
          ],
          "store_path": "/nix/store/52vfnn1wcqn3d5jzrqvcd6yzp3i1gw2m-kind-0.29.0"
        }
      }
    },
    "kubectl@1.33.1": {
      "last_modified": "2025-05-24T21:46:02Z",
      "resolved": "github:NixOS/nixpkgs/edb3633f9100d9277d1c9af245a4e9337a980c07#kubectl",
      "source": "devbox-search",
      "version": "1.33.1",
      "systems": {
        "aarch64-darwin": {
          "outputs": [
            {
              "name": "out",
              "path": "/nix/store/vcq5gsn9rp26xbz14b5b2fd8map8qnvj-kubectl-1.33.1",
              "default": true
            },
            {
              "name": "man",
              "path": "/nix/store/20v8bx884m4i34zdkksdq5qpkm966m65-kubectl-1.33.1-man",
              "default": true
            },
            {
              "name": "convert",
              "path": "/nix/store/cjm9i86w7is18g3cpsgfc0c3jmsnp0s8-kubectl-1.33.1-convert"
            }
          ],
          "store_path": "/nix/store/vcq5gsn9rp26xbz14b5b2fd8map8qnvj-kubectl-1.33.1"
        },
        "aarch64-linux": {
          "outputs": [
            {
              "name": "out",
              "path": "/nix/store/m8406nxn25y7a80jxq6mdk70p1xl8xrc-kubectl-1.33.1",
              "default": true
            },
            {
              "name": "man",
              "path": "/nix/store/gy8hdpwiqcy35zp0a9imbv4fqqy3cwn8-kubectl-1.33.1-man",
              "default": true
            },
            {
              "name": "convert",
              "path": "/nix/store/kh7b55lvpwfrdfbq3qrzcj9qjanfqn7c-kubectl-1.33.1-convert"
            }
          ],
          "store_path": "/nix/store/m8406nxn25y7a80jxq6mdk70p1xl8xrc-kubectl-1.33.1"
        },
        "x86_64-darwin": {
          "outputs": [
            {
              "name": "out",
              "path": "/nix/store/g8r4y54jpdyrvnrbhqyg60sr1wpqx0ff-kubectl-1.33.1",
              "default": true
            },
            {
              "name": "man",
              "path": "/nix/store/0n7ik9w8sjrhanv7yb1ijhwyawx7xcz2-kubectl-1.33.1-man",
              "default": true
            },
            {
              "name": "convert",
              "path": "/nix/store/fdpw2205wf6qq7h271nzbhxdmx561vq0-kubectl-1.33.1-convert"
            }
          ],
          "store_path": "/nix/store/g8r4y54jpdyrvnrbhqyg60sr1wpqx0ff-kubectl-1.33.1"
        },
        "x86_64-linux": {
          "outputs": [
            {
              "name": "out",
              "path": "/nix/store/lrfm3r4z5iqyn5fqf085bdyp7b5ghhdr-kubectl-1.33.1",
              "default": true
            },
            {
              "name": "man",
              "path": "/nix/store/hhank6pxbzwzm6b6gphpc1rj2jjdpmmk-kubectl-1.33.1-man",
              "default": true
            },
            {
              "name": "convert",
              "path": "/nix/store/yqlm8fmchxsxzica482r16sfm8x84hck-kubectl-1.33.1-convert"
            }
          ],
          "store_path": "/nix/store/lrfm3r4z5iqyn5fqf085bdyp7b5ghhdr-kubectl-1.33.1"
        }
      }
    },
    "kubernetes-helm@3.18.3": {
      "last_modified": "2025-06-22T15:15:55Z",
      "resolved": "github:NixOS/nixpkgs/3078b9a9e75f1790e6d6ef9955fdc6a2d1740cc6#kubernetes-helm",
      "source": "devbox-search",
      "version": "3.18.3",
      "systems": {
        "aarch64-darwin": {
          "outputs": [
            {
              "name": "out",
              "path": "/nix/store/pq4scdg2cz3pxv1v8l89xsbx5ca7i48d-kubernetes-helm-3.18.3",
              "default": true
            }
          ],
          "store_path": "/nix/store/pq4scdg2cz3pxv1v8l89xsbx5ca7i48d-kubernetes-helm-3.18.3"
        },
        "aarch64-linux": {
          "outputs": [
            {
              "name": "out",
              "path": "/nix/store/v4p0yq3dc21dhh8mlws3dwlqqk74a4f8-kubernetes-helm-3.18.3",
              "default": true
            }
          ],
          "store_path": "/nix/store/v4p0yq3dc21dhh8mlws3dwlqqk74a4f8-kubernetes-helm-3.18.3"
        },
        "x86_64-darwin": {
          "outputs": [
            {
              "name": "out",
              "path": "/nix/store/6000mdd9sz6yqax9wd2qz451qj13bmip-kubernetes-helm-3.18.3",
              "default": true
            }
          ],
          "store_path": "/nix/store/6000mdd9sz6yqax9wd2qz451qj13bmip-kubernetes-helm-3.18.3"
        },
        "x86_64-linux": {
          "outputs": [
            {
              "name": "out",
              "path": "/nix/store/r1r9fz9nf0yniwqc2b51zi36cz4d7ala-kubernetes-helm-3.18.3",
              "default": true
            }
          ],
          "store_path": "/nix/store/r1r9fz9nf0yniwqc2b51zi36cz4d7ala-kubernetes-helm-3.18.3"
        }
      }
    },
    "kyverno-chainsaw@0.2.12": {
      "last_modified": "2025-01-19T08:16:51Z",
      "resolved": "github:NixOS/nixpkgs/50165c4f7eb48ce82bd063e1fb8047a0f515f8ce#kyverno-chainsaw",
      "source": "devbox-search",
      "version": "0.2.12",
      "systems": {
        "aarch64-darwin": {
          "outputs": [
            {
              "name": "out",
              "path": "/nix/store/v1vh5z91ypsyyb0abh5rqxd5hidhyj0f-kyverno-chainsaw-0.2.12",
              "default": true
            }
          ],
          "store_path": "/nix/store/v1vh5z91ypsyyb0abh5rqxd5hidhyj0f-kyverno-chainsaw-0.2.12"
        },
        "aarch64-linux": {
          "outputs": [
            {
              "name": "out",
              "path": "/nix/store/8jmh6faqwbx5g2wyj8czvl5n14gfpxx9-kyverno-chainsaw-0.2.12",
              "default": true
            }
          ],
          "store_path": "/nix/store/8jmh6faqwbx5g2wyj8czvl5n14gfpxx9-kyverno-chainsaw-0.2.12"
        },
        "x86_64-darwin": {
          "outputs": [
            {
              "name": "out",
              "path": "/nix/store/mfi7c8ky8kwy1pj37hpamkwr2m6px461-kyverno-chainsaw-0.2.12",
              "default": true
            }
          ],
          "store_path": "/nix/store/mfi7c8ky8kwy1pj37hpamkwr2m6px461-kyverno-chainsaw-0.2.12"
        },
        "x86_64-linux": {
          "outputs": [
            {
              "name": "out",
              "path": "/nix/store/q9znv398daff24b5hr7x5qgx9iyf6ip8-kyverno-chainsaw-0.2.12",
              "default": true
            }
          ],
          "store_path": "/nix/store/q9znv398daff24b5hr7x5qgx9iyf6ip8-kyverno-chainsaw-0.2.12"
        }
      }
    },
    "nushell@0.104.1": {
      "last_modified": "2025-05-31T03:30:20Z",
      "resolved": "github:NixOS/nixpkgs/59138c7667b7970d205d6a05a8bfa2d78caa3643#nushell",
      "source": "devbox-search",
      "version": "0.104.1",
      "systems": {
        "aarch64-darwin": {
          "outputs": [
            {
              "name": "out",
              "path": "/nix/store/ws4236zab95qi8v5j9a29k2z35b72bk6-nushell-0.104.1",
              "default": true
            }
          ],
          "store_path": "/nix/store/ws4236zab95qi8v5j9a29k2z35b72bk6-nushell-0.104.1"
        },
        "aarch64-linux": {
          "outputs": [
            {
              "name": "out",
              "path": "/nix/store/lywq9ryghrpgk6y4lp75iyszvknq6lbn-nushell-0.104.1",
              "default": true
            }
          ],
          "store_path": "/nix/store/lywq9ryghrpgk6y4lp75iyszvknq6lbn-nushell-0.104.1"
        },
        "x86_64-darwin": {
          "outputs": [
            {
              "name": "out",
              "path": "/nix/store/09cg5psb5nm4lmsz0wzr0ml5w6p3i6hc-nushell-0.104.1",
              "default": true
            }
          ],
          "store_path": "/nix/store/09cg5psb5nm4lmsz0wzr0ml5w6p3i6hc-nushell-0.104.1"
        },
        "x86_64-linux": {
          "outputs": [
            {
              "name": "out",
              "path": "/nix/store/llwc799j4y54cb1n8l4a45gkf8l4saw5-nushell-0.104.1",
              "default": true
            }
          ],
          "store_path": "/nix/store/llwc799j4y54cb1n8l4a45gkf8l4saw5-nushell-0.104.1"
        }
      }
    },
    "teller@2.0.7": {
      "last_modified": "2024-07-07T07:43:47Z",
      "resolved": "github:NixOS/nixpkgs/b60793b86201040d9dee019a05089a9150d08b5b#teller",
      "source": "devbox-search",
      "version": "2.0.7",
      "systems": {
        "aarch64-darwin": {
          "outputs": [
            {
              "name": "out",
              "path": "/nix/store/r4226bx64i0cf7mfxandg7zzglqxszcq-teller-2.0.7",
              "default": true
            }
          ],
          "store_path": "/nix/store/r4226bx64i0cf7mfxandg7zzglqxszcq-teller-2.0.7"
        },
        "aarch64-linux": {
          "outputs": [
            {
              "name": "out",
              "path": "/nix/store/sdwqxb2g7lic74k6ma7i9kwx60sh4rv5-teller-2.0.7",
              "default": true
            }
          ],
          "store_path": "/nix/store/sdwqxb2g7lic74k6ma7i9kwx60sh4rv5-teller-2.0.7"
        },
        "x86_64-darwin": {
          "outputs": [
            {
              "name": "out",
              "path": "/nix/store/a05mzmc0fiy3x1js8rmycwpsfial800m-teller-2.0.7",
              "default": true
            }
          ],
          "store_path": "/nix/store/a05mzmc0fiy3x1js8rmycwpsfial800m-teller-2.0.7"
        },
        "x86_64-linux": {
          "outputs": [
            {
              "name": "out",
              "path": "/nix/store/cpfzq372gajzfrahrawc0w955zn17js3-teller-2.0.7",
              "default": true
            }
          ],
          "store_path": "/nix/store/cpfzq372gajzfrahrawc0w955zn17js3-teller-2.0.7"
        }
      }
    },
    "upbound@0.39.0": {
      "last_modified": "2025-05-15T12:36:28Z",
      "resolved": "github:NixOS/nixpkgs/b1bebd0fe266bbd1820019612ead889e96a8fa2d#upbound",
      "source": "devbox-search",
      "version": "0.39.0",
      "systems": {
        "aarch64-darwin": {
          "outputs": [
            {
              "name": "out",
              "path": "/nix/store/08j39598v6k9wlr45d8z8ap24w4npv9r-upbound-0.39.0",
              "default": true
            }
          ],
          "store_path": "/nix/store/08j39598v6k9wlr45d8z8ap24w4npv9r-upbound-0.39.0"
        },
        "aarch64-linux": {
          "outputs": [
            {
              "name": "out",
              "path": "/nix/store/ml4fhmfxa0g59anr10cihjsp8x92xav5-upbound-0.39.0",
              "default": true
            }
          ],
          "store_path": "/nix/store/ml4fhmfxa0g59anr10cihjsp8x92xav5-upbound-0.39.0"
        },
        "x86_64-darwin": {
          "outputs": [
            {
              "name": "out",
              "path": "/nix/store/69hjqr3pcs03jqbf8v25r9y6mk2hxdqv-upbound-0.39.0",
              "default": true
            }
          ],
          "store_path": "/nix/store/69hjqr3pcs03jqbf8v25r9y6mk2hxdqv-upbound-0.39.0"
        },
        "x86_64-linux": {
          "outputs": [
            {
              "name": "out",
              "path": "/nix/store/gcfw74289i4p47adakq2x4g8g32aahrl-upbound-0.39.0",
              "default": true
            }
          ],
          "store_path": "/nix/store/gcfw74289i4p47adakq2x4g8g32aahrl-upbound-0.39.0"
        }
      }
    },
    "viddy@1.3.0": {
      "last_modified": "2025-01-19T08:16:51Z",
      "resolved": "github:NixOS/nixpkgs/50165c4f7eb48ce82bd063e1fb8047a0f515f8ce#viddy",
      "source": "devbox-search",
      "version": "1.3.0",
      "systems": {
        "aarch64-darwin": {
          "outputs": [
            {
              "name": "out",
              "path": "/nix/store/msw6ny1iz88bf3apcnwpfkbsrkyyblha-viddy-1.3.0",
              "default": true
            }
          ],
          "store_path": "/nix/store/msw6ny1iz88bf3apcnwpfkbsrkyyblha-viddy-1.3.0"
        },
        "aarch64-linux": {
          "outputs": [
            {
              "name": "out",
              "path": "/nix/store/iggzx515hpnr2ph5s9i23gvf4h7ryl41-viddy-1.3.0",
              "default": true
            }
          ],
          "store_path": "/nix/store/iggzx515hpnr2ph5s9i23gvf4h7ryl41-viddy-1.3.0"
        },
        "x86_64-darwin": {
          "outputs": [
            {
              "name": "out",
              "path": "/nix/store/w8bmbxadi4kqk1wwy7h8cmsnldf3qidw-viddy-1.3.0",
              "default": true
            }
          ],
          "store_path": "/nix/store/w8bmbxadi4kqk1wwy7h8cmsnldf3qidw-viddy-1.3.0"
        },
        "x86_64-linux": {
          "outputs": [
            {
              "name": "out",
              "path": "/nix/store/k4md2n7d220kb4ghajhhk0gbib4rz2a0-viddy-1.3.0",
              "default": true
            }
          ],
          "store_path": "/nix/store/k4md2n7d220kb4ghajhhk0gbib4rz2a0-viddy-1.3.0"
        }
      }
    },
    "watchexec@2.3.2": {
      "last_modified": "2025-06-05T08:10:37Z",
      "resolved": "github:NixOS/nixpkgs/ec62ae342c340d24289735e31eb9155261cd5fe7#watchexec",
      "source": "devbox-search",
      "version": "2.3.2",
      "systems": {
        "aarch64-darwin": {
          "outputs": [
            {
              "name": "out",
              "path": "/nix/store/h00xs711s683frk7ahjm96mxdh0vimhl-watchexec-2.3.2",
              "default": true
            }
          ],
          "store_path": "/nix/store/h00xs711s683frk7ahjm96mxdh0vimhl-watchexec-2.3.2"
        },
        "aarch64-linux": {
          "outputs": [
            {
              "name": "out",
              "path": "/nix/store/jfqwdpv61lyncc5976pjgl352gx8ymdm-watchexec-2.3.2",
              "default": true
            }
          ],
          "store_path": "/nix/store/jfqwdpv61lyncc5976pjgl352gx8ymdm-watchexec-2.3.2"
        },
        "x86_64-darwin": {
          "outputs": [
            {
              "name": "out",
              "path": "/nix/store/lhas1n4ilv4vmhfmk57x47wnvkw538fq-watchexec-2.3.2",
              "default": true
            }
          ],
          "store_path": "/nix/store/lhas1n4ilv4vmhfmk57x47wnvkw538fq-watchexec-2.3.2"
        },
        "x86_64-linux": {
          "outputs": [
            {
              "name": "out",
              "path": "/nix/store/6k8983fxhjidg0154wjcsc6p5hala7vv-watchexec-2.3.2",
              "default": true
            }
          ],
          "store_path": "/nix/store/6k8983fxhjidg0154wjcsc6p5hala7vv-watchexec-2.3.2"
        }
      }
    },
    "yq-go@4.45.4": {
      "last_modified": "2025-05-12T14:38:58Z",
      "resolved": "github:NixOS/nixpkgs/eaeed9530c76ce5f1d2d8232e08bec5e26f18ec1#yq-go",
      "source": "devbox-search",
      "version": "4.45.4",
      "systems": {
        "aarch64-darwin": {
          "outputs": [
            {
              "name": "out",
              "path": "/nix/store/s0ppcxvbfaykxa04b76rfrrysj68h0sn-yq-go-4.45.4",
              "default": true
            }
          ],
          "store_path": "/nix/store/s0ppcxvbfaykxa04b76rfrrysj68h0sn-yq-go-4.45.4"
        },
        "aarch64-linux": {
          "outputs": [
            {
              "name": "out",
              "path": "/nix/store/p79v0jc8q5mj787z86xfnm37b89fph7b-yq-go-4.45.4",
              "default": true
            }
          ],
          "store_path": "/nix/store/p79v0jc8q5mj787z86xfnm37b89fph7b-yq-go-4.45.4"
        },
        "x86_64-darwin": {
          "outputs": [
            {
              "name": "out",
              "path": "/nix/store/6a873paiqhqyn7nl9fkj71r9akq48jrd-yq-go-4.45.4",
              "default": true
            }
          ],
          "store_path": "/nix/store/6a873paiqhqyn7nl9fkj71r9akq48jrd-yq-go-4.45.4"
        },
        "x86_64-linux": {
          "outputs": [
            {
              "name": "out",
              "path": "/nix/store/xv6i1rshlw2841bysp3n8r9yd13kyk3l-yq-go-4.45.4",
              "default": true
            }
          ],
          "store_path": "/nix/store/xv6i1rshlw2841bysp3n8r9yd13kyk3l-yq-go-4.45.4"
        }
      }
    }
  }
}
