{
  "lockfile_version": "1",
  "packages": {
    "crossplane-cli@1.20.0": {
      "last_modified": "2025-05-24T21:46:02Z",
      "resolved": "github:NixOS/nixpkgs/edb3633f9100d9277d1c9af245a4e9337a980c07#crossplane-cli",
      "source": "devbox-search",
      "version": "1.20.0",
      "systems": {
        "aarch64-darwin": {
          "outputs": [
            {
              "name": "out",
              "path": "/nix/store/qp92q8nijc35f1fhqqw6lbpfj2h2bqz8-crossplane-cli-1.20.0",
              "default": true
            }
          ],
          "store_path": "/nix/store/qp92q8nijc35f1fhqqw6lbpfj2h2bqz8-crossplane-cli-1.20.0"
        },
        "aarch64-linux": {
          "outputs": [
            {
              "name": "out",
              "path": "/nix/store/v877870zdg4wh6q4dqhkic1vlvdd088y-crossplane-cli-1.20.0",
              "default": true
            }
          ],
          "store_path": "/nix/store/v877870zdg4wh6q4dqhkic1vlvdd088y-crossplane-cli-1.20.0"
        },
        "x86_64-darwin": {
          "outputs": [
            {
              "name": "out",
              "path": "/nix/store/h66dvlv0nfw9i163kbd7l25pbqjz66yr-crossplane-cli-1.20.0",
              "default": true
            }
          ],
          "store_path": "/nix/store/h66dvlv0nfw9i163kbd7l25pbqjz66yr-crossplane-cli-1.20.0"
        },
        "x86_64-linux": {
          "outputs": [
            {
              "name": "out",
              "path": "/nix/store/qmdm9gg6v740jnf30ral05mdmaz5x9cf-crossplane-cli-1.20.0",
              "default": true
            }
          ],
          "store_path": "/nix/store/qmdm9gg6v740jnf30ral05mdmaz5x9cf-crossplane-cli-1.20.0"
        }
      }
    },
    "github:NixOS/nixpkgs/nixpkgs-unstable": {
      "resolved": "github:NixOS/nixpkgs/1128e89fd5e11bb25aedbfc287733c6502202ea9?lastModified=1739451785&narHash=sha256-3ebRdThRic9bHMuNi2IAA%2Fek9b32bsy8F5R4SvGTIog%3D"
    },
    "gum@0.16.2": {
      "last_modified": "2025-06-24T02:18:21Z",
      "resolved": "github:NixOS/nixpkgs/69dfebb3d175bde602f612915c5576a41b18486b#gum",
      "source": "devbox-search",
      "version": "0.16.2",
      "systems": {
        "aarch64-darwin": {
          "outputs": [
            {
              "name": "out",
              "path": "/nix/store/z29nnflmjb1rsg32cqassh7cxc2xsdks-gum-0.16.2",
              "default": true
            }
          ],
          "store_path": "/nix/store/z29nnflmjb1rsg32cqassh7cxc2xsdks-gum-0.16.2"
        },
        "aarch64-linux": {
          "outputs": [
            {
              "name": "out",
              "path": "/nix/store/q9247cca68af4xsr5yim98nw91n41ff0-gum-0.16.2",
              "default": true
            }
          ],
          "store_path": "/nix/store/q9247cca68af4xsr5yim98nw91n41ff0-gum-0.16.2"
        },
        "x86_64-darwin": {
          "outputs": [
            {
              "name": "out",
              "path": "/nix/store/d3va9kzircmn7lb2ik2gc4nd1w17hmp4-gum-0.16.2",
              "default": true
            }
          ],
          "store_path": "/nix/store/d3va9kzircmn7lb2ik2gc4nd1w17hmp4-gum-0.16.2"
        },
        "x86_64-linux": {
          "outputs": [
            {
              "name": "out",
              "path": "/nix/store/3kmqn7xy8pch0ivksqgmfz2wzdjhpxzq-gum-0.16.2",
              "default": true
            }
          ],
          "store_path": "/nix/store/3kmqn7xy8pch0ivksqgmfz2wzdjhpxzq-gum-0.16.2"
        }
      }
    },
    "jq@1.8.1": {
      "last_modified": "2025-07-15T16:15:05Z",
      "resolved": "github:NixOS/nixpkgs/dab3a6e781554f965bde3def0aa2fda4eb8f1708#jq",
      "source": "devbox-search",
      "version": "1.8.1",
      "systems": {
        "aarch64-darwin": {
          "outputs": [
            {
              "name": "bin",
              "path": "/nix/store/9g64fqz8v74v5ixgalm8a074jp754423-jq-1.8.1-bin",
              "default": true
            },
            {
              "name": "man",
              "path": "/nix/store/d6h860ssnqqm5pb18k7cha953j8v41rp-jq-1.8.1-man",
              "default": true
            },
            {
              "name": "out",
              "path": "/nix/store/5g1fsdjybk63bvnradhy861cv1j0zvbj-jq-1.8.1"
            },
            {
              "name": "dev",
              "path": "/nix/store/97sbzpy66rngcyzdx2xnwc58fd4xanz2-jq-1.8.1-dev"
            },
            {
              "name": "doc",
              "path": "/nix/store/2hc8qfk7rp04hafsr260dri1bd6ywvgc-jq-1.8.1-doc"
            }
          ],
          "store_path": "/nix/store/9g64fqz8v74v5ixgalm8a074jp754423-jq-1.8.1-bin"
        },
        "aarch64-linux": {
          "outputs": [
            {
              "name": "bin",
              "path": "/nix/store/l5rpi6yjzh77xr06zw3npj5b4wh8nd2r-jq-1.8.1-bin",
              "default": true
            },
            {
              "name": "man",
              "path": "/nix/store/df5cp877l2zda5hzs5aaj57nsb630mqj-jq-1.8.1-man",
              "default": true
            },
            {
              "name": "out",
              "path": "/nix/store/ywm87lf11xxj4qbc26sm466cy2krazhf-jq-1.8.1"
            },
            {
              "name": "dev",
              "path": "/nix/store/lxkdipbc6lnyjfaxc8993p0f3awzaxv7-jq-1.8.1-dev"
            },
            {
              "name": "doc",
              "path": "/nix/store/1lln8d94np1gvpa4xd3a7s70hpxcrjja-jq-1.8.1-doc"
            }
          ],
          "store_path": "/nix/store/l5rpi6yjzh77xr06zw3npj5b4wh8nd2r-jq-1.8.1-bin"
        },
        "x86_64-darwin": {
          "outputs": [
            {
              "name": "bin",
              "path": "/nix/store/97l9ssj90sn8aaggnqn2ds8jbwxbjkmv-jq-1.8.1-bin",
              "default": true
            },
            {
              "name": "man",
              "path": "/nix/store/mm9hiakwqhmqrc0ajdwy9pld482a5xh6-jq-1.8.1-man",
              "default": true
            },
            {
              "name": "dev",
              "path": "/nix/store/cbmrkzdp2rv163jj3m5415609jcg07qa-jq-1.8.1-dev"
            },
            {
              "name": "doc",
              "path": "/nix/store/z2cnrn59may5ngxgydjrhnsam4cl2chg-jq-1.8.1-doc"
            },
            {
              "name": "out",
              "path": "/nix/store/nvj03nflpfrpmza7cnnlyshvsnpa8hxc-jq-1.8.1"
            }
          ],
          "store_path": "/nix/store/97l9ssj90sn8aaggnqn2ds8jbwxbjkmv-jq-1.8.1-bin"
        },
        "x86_64-linux": {
          "outputs": [
            {
              "name": "bin",
              "path": "/nix/store/ddvkwrb70cx04g7a42rlg6ka1j819kv4-jq-1.8.1-bin",
              "default": true
            },
            {
              "name": "man",
              "path": "/nix/store/mkpcj600czkqcr542ysi8pzssadl4yrc-jq-1.8.1-man",
              "default": true
            },
            {
              "name": "dev",
              "path": "/nix/store/x0kva02y0iyh7l0qvnx3l8ci7ll1r5si-jq-1.8.1-dev"
            },
            {
              "name": "doc",
              "path": "/nix/store/fc6m4lbv9g4j1hfrx2yip2w83b4pjf42-jq-1.8.1-doc"
            },
            {
              "name": "out",
              "path": "/nix/store/zrv91dsf75ixqjym4syy0f6g87wrziw7-jq-1.8.1"
            }
          ],
          "store_path": "/nix/store/ddvkwrb70cx04g7a42rlg6ka1j819kv4-jq-1.8.1-bin"
        }
      }
    },
    "just@1.42.2": {
      "last_modified": "2025-07-17T10:11:59Z",
      "resolved": "github:NixOS/nixpkgs/fa0ef8a6bb1651aa26c939aeb51b5f499e86b0ec#just",
      "source": "devbox-search",
      "version": "1.42.2",
      "systems": {
        "aarch64-darwin": {
          "outputs": [
            {
              "name": "out",
              "path": "/nix/store/bbscip33z6spdvgxvpybhiw9n2ahfmkr-just-1.42.2",
              "default": true
            },
            {
              "name": "man",
              "path": "/nix/store/2nfbcl3aqbwa4mgax71v7zqynl8ndp83-just-1.42.2-man",
              "default": true
            },
            {
              "name": "doc",
              "path": "/nix/store/nj493p7rvwvp7r102ai8rl3xijh17r5n-just-1.42.2-doc"
            }
          ],
          "store_path": "/nix/store/bbscip33z6spdvgxvpybhiw9n2ahfmkr-just-1.42.2"
        },
        "aarch64-linux": {
          "outputs": [
            {
              "name": "out",
              "path": "/nix/store/had8mpw7g47cqxr9iklj3f5irgmz1wny-just-1.42.2",
              "default": true
            },
            {
              "name": "man",
              "path": "/nix/store/1kr1w6bdhmas55saglvdn4k0j0kzw44a-just-1.42.2-man",
              "default": true
            },
            {
              "name": "doc",
              "path": "/nix/store/0yn9h5fa70l6ajd39bs7cqi383ar7r4g-just-1.42.2-doc"
            }
          ],
          "store_path": "/nix/store/had8mpw7g47cqxr9iklj3f5irgmz1wny-just-1.42.2"
        },
        "x86_64-darwin": {
          "outputs": [
            {
              "name": "out",
              "path": "/nix/store/23drqxzby6aixv50b7miv17c40r1ys6z-just-1.42.2",
              "default": true
            },
            {
              "name": "man",
              "path": "/nix/store/63lcx93i2rwcv9dvgksir5id3w5z346n-just-1.42.2-man",
              "default": true
            },
            {
              "name": "doc",
              "path": "/nix/store/c52nmiba966amnkabxsalhq9m2dqysjz-just-1.42.2-doc"
            }
          ],
          "store_path": "/nix/store/23drqxzby6aixv50b7miv17c40r1ys6z-just-1.42.2"
        },
        "x86_64-linux": {
          "outputs": [
            {
              "name": "out",
              "path": "/nix/store/bsmd2bjsqpb6988gv1a3b16ifk3clki5-just-1.42.2",
              "default": true
            },
            {
              "name": "man",
              "path": "/nix/store/2p4g5x3a79nkwgsyb79017zifs2c5954-just-1.42.2-man",
              "default": true
            },
            {
              "name": "doc",
              "path": "/nix/store/cl0ln5hbn864913dn7pvvjn83i074bjj-just-1.42.2-doc"
            }
          ],
          "store_path": "/nix/store/bsmd2bjsqpb6988gv1a3b16ifk3clki5-just-1.42.2"
        }
      }
    },
    "kcl-cli@0.8.9": {
      "last_modified": "2024-06-12T20:55:33Z",
      "resolved": "github:NixOS/nixpkgs/a9858885e197f984d92d7fe64e9fff6b2e488d40#kcl-cli",
      "source": "devbox-search",
      "version": "0.8.9",
      "systems": {
        "aarch64-darwin": {
          "outputs": [
            {
              "name": "out",
              "path": "/nix/store/ry8c4a6x9nbbsmaj2lj1irlgmcs7smdl-kcl-cli-0.8.9",
              "default": true
            }
          ],
          "store_path": "/nix/store/ry8c4a6x9nbbsmaj2lj1irlgmcs7smdl-kcl-cli-0.8.9"
        },
        "aarch64-linux": {
          "outputs": [
            {
              "name": "out",
              "path": "/nix/store/58ifnm27y99m1w0rgpzmhrbcmxndk523-kcl-cli-0.8.9",
              "default": true
            }
          ],
          "store_path": "/nix/store/58ifnm27y99m1w0rgpzmhrbcmxndk523-kcl-cli-0.8.9"
        },
        "x86_64-darwin": {
          "outputs": [
            {
              "name": "out",
              "path": "/nix/store/2pkcszc6208v05wl3q3l00mkv4am7v2l-kcl-cli-0.8.9",
              "default": true
            }
          ],
          "store_path": "/nix/store/2pkcszc6208v05wl3q3l00mkv4am7v2l-kcl-cli-0.8.9"
        },
        "x86_64-linux": {
          "outputs": [
            {
              "name": "out",
              "path": "/nix/store/dvj111276zx6mimvcpfars11gwq071nl-kcl-cli-0.8.9",
              "default": true
            }
          ],
          "store_path": "/nix/store/dvj111276zx6mimvcpfars11gwq071nl-kcl-cli-0.8.9"
        }
      }
    },
    "kind@0.29.0": {
      "last_modified": "2025-06-12T07:29:08Z",
      "resolved": "github:NixOS/nixpkgs/d202f48f1249f013aa2660c6733e251c85712cbe#kind",
      "source": "devbox-search",
      "version": "0.29.0",
      "systems": {
        "aarch64-darwin": {
          "outputs": [
            {
              "name": "out",
              "path": "/nix/store/81jc2zsdv4zhdniyyggpxm56lpl88cxb-kind-0.29.0",
              "default": true
            }
          ],
          "store_path": "/nix/store/81jc2zsdv4zhdniyyggpxm56lpl88cxb-kind-0.29.0"
        },
        "aarch64-linux": {
          "outputs": [
            {
              "name": "out",
              "path": "/nix/store/dwzvvmcignd20dg6kgizzn71vkj9la91-kind-0.29.0",
              "default": true
            }
          ],
          "store_path": "/nix/store/dwzvvmcignd20dg6kgizzn71vkj9la91-kind-0.29.0"
        },
        "x86_64-darwin": {
          "outputs": [
            {
              "name": "out",
              "path": "/nix/store/shydfb0h27gbdrmwhjbfg354xc22vxg2-kind-0.29.0",
              "default": true
            }
          ],
          "store_path": "/nix/store/shydfb0h27gbdrmwhjbfg354xc22vxg2-kind-0.29.0"
        },
        "x86_64-linux": {
          "outputs": [
            {
              "name": "out",
              "path": "/nix/store/52vfnn1wcqn3d5jzrqvcd6yzp3i1gw2m-kind-0.29.0",
              "default": true
            }
          ],
          "store_path": "/nix/store/52vfnn1wcqn3d5jzrqvcd6yzp3i1gw2m-kind-0.29.0"
        }
      }
    },
    "kubectl@1.33.2": {
      "last_modified": "2025-06-24T02:18:21Z",
      "resolved": "github:NixOS/nixpkgs/69dfebb3d175bde602f612915c5576a41b18486b#kubectl",
      "source": "devbox-search",
      "version": "1.33.2",
      "systems": {
        "aarch64-darwin": {
          "outputs": [
            {
              "name": "out",
              "path": "/nix/store/3wkf3fdmr0fih985wfys1ww50bc3h7rw-kubectl-1.33.2",
              "default": true
            },
            {
              "name": "man",
              "path": "/nix/store/ak2m30yf18kkqmaya0ydpdjwn0zsxc4n-kubectl-1.33.2-man",
              "default": true
            },
            {
              "name": "convert",
              "path": "/nix/store/gv3hrpka75q4b7alipw8l17nfl3x8zsy-kubectl-1.33.2-convert"
            }
          ],
          "store_path": "/nix/store/3wkf3fdmr0fih985wfys1ww50bc3h7rw-kubectl-1.33.2"
        },
        "aarch64-linux": {
          "outputs": [
            {
              "name": "out",
              "path": "/nix/store/3kami7n1lmlnmsxkb9rw5wi5ifrxsspq-kubectl-1.33.2",
              "default": true
            },
            {
              "name": "man",
              "path": "/nix/store/5dks8ys8p6gxbihncwrsv14g7k57cqki-kubectl-1.33.2-man",
              "default": true
            },
            {
              "name": "convert",
              "path": "/nix/store/i6z2z31ys86fgv2d5hg1pqjkaxiz4nj4-kubectl-1.33.2-convert"
            }
          ],
          "store_path": "/nix/store/3kami7n1lmlnmsxkb9rw5wi5ifrxsspq-kubectl-1.33.2"
        },
        "x86_64-darwin": {
          "outputs": [
            {
              "name": "out",
              "path": "/nix/store/hxsqda44nbnpmmnycxj01pgaf8npdlbf-kubectl-1.33.2",
              "default": true
            },
            {
              "name": "man",
              "path": "/nix/store/hna89iqmim83bv2k7jv8rn51s1r0gn0s-kubectl-1.33.2-man",
              "default": true
            },
            {
              "name": "convert",
              "path": "/nix/store/06waawlgkz5sf3l1kmq2zghks2rh32sf-kubectl-1.33.2-convert"
            }
          ],
          "store_path": "/nix/store/hxsqda44nbnpmmnycxj01pgaf8npdlbf-kubectl-1.33.2"
        },
        "x86_64-linux": {
          "outputs": [
            {
              "name": "out",
              "path": "/nix/store/17hz4mgnd2s1x48x5plyg63q46xprywp-kubectl-1.33.2",
              "default": true
            },
            {
              "name": "man",
              "path": "/nix/store/1dlk3sma52pi5zzklqk6kgn1cq9fmlia-kubectl-1.33.2-man",
              "default": true
            },
            {
              "name": "convert",
              "path": "/nix/store/1c8nqwzjdxykbq49sgb8wpba6w2j0qx7-kubectl-1.33.2-convert"
            }
          ],
          "store_path": "/nix/store/17hz4mgnd2s1x48x5plyg63q46xprywp-kubectl-1.33.2"
        }
      }
    },
    "kubernetes-helm@3.18.4": {
      "last_modified": "2025-07-09T16:14:05Z",
      "resolved": "github:NixOS/nixpkgs/be9e214982e20b8310878ac2baa063a961c1bdf6#kubernetes-helm",
      "source": "devbox-search",
      "version": "3.18.4",
      "systems": {
        "aarch64-darwin": {
          "outputs": [
            {
              "name": "out",
              "path": "/nix/store/zhqxq2ay7rkg69334i35h6db91lh6av6-kubernetes-helm-3.18.4",
              "default": true
            }
          ],
          "store_path": "/nix/store/zhqxq2ay7rkg69334i35h6db91lh6av6-kubernetes-helm-3.18.4"
        },
        "aarch64-linux": {
          "outputs": [
            {
              "name": "out",
              "path": "/nix/store/jbq5k7wk4jmc93i70pn6mvpcr26cv3q3-kubernetes-helm-3.18.4",
              "default": true
            }
          ],
          "store_path": "/nix/store/jbq5k7wk4jmc93i70pn6mvpcr26cv3q3-kubernetes-helm-3.18.4"
        },
        "x86_64-darwin": {
          "outputs": [
            {
              "name": "out",
              "path": "/nix/store/s462z4xn3x4sih6h6bqhrxm28al0z2zi-kubernetes-helm-3.18.4",
              "default": true
            }
          ],
          "store_path": "/nix/store/s462z4xn3x4sih6h6bqhrxm28al0z2zi-kubernetes-helm-3.18.4"
        },
        "x86_64-linux": {
          "outputs": [
            {
              "name": "out",
              "path": "/nix/store/sw9fbw43s72yi85ssgdicsqcizj9f288-kubernetes-helm-3.18.4",
              "default": true
            }
          ],
          "store_path": "/nix/store/sw9fbw43s72yi85ssgdicsqcizj9f288-kubernetes-helm-3.18.4"
        }
      }
    },
    "kyverno-chainsaw@0.2.12": {
      "last_modified": "2025-01-19T08:16:51Z",
      "resolved": "github:NixOS/nixpkgs/50165c4f7eb48ce82bd063e1fb8047a0f515f8ce#kyverno-chainsaw",
      "source": "devbox-search",
      "version": "0.2.12",
      "systems": {
        "aarch64-darwin": {
          "outputs": [
            {
              "name": "out",
              "path": "/nix/store/v1vh5z91ypsyyb0abh5rqxd5hidhyj0f-kyverno-chainsaw-0.2.12",
              "default": true
            }
          ],
          "store_path": "/nix/store/v1vh5z91ypsyyb0abh5rqxd5hidhyj0f-kyverno-chainsaw-0.2.12"
        },
        "aarch64-linux": {
          "outputs": [
            {
              "name": "out",
              "path": "/nix/store/8jmh6faqwbx5g2wyj8czvl5n14gfpxx9-kyverno-chainsaw-0.2.12",
              "default": true
            }
          ],
          "store_path": "/nix/store/8jmh6faqwbx5g2wyj8czvl5n14gfpxx9-kyverno-chainsaw-0.2.12"
        },
        "x86_64-darwin": {
          "outputs": [
            {
              "name": "out",
              "path": "/nix/store/mfi7c8ky8kwy1pj37hpamkwr2m6px461-kyverno-chainsaw-0.2.12",
              "default": true
            }
          ],
          "store_path": "/nix/store/mfi7c8ky8kwy1pj37hpamkwr2m6px461-kyverno-chainsaw-0.2.12"
        },
        "x86_64-linux": {
          "outputs": [
            {
              "name": "out",
              "path": "/nix/store/q9znv398daff24b5hr7x5qgx9iyf6ip8-kyverno-chainsaw-0.2.12",
              "default": true
            }
          ],
          "store_path": "/nix/store/q9znv398daff24b5hr7x5qgx9iyf6ip8-kyverno-chainsaw-0.2.12"
        }
      }
    },
    "upbound@0.39.1": {
      "last_modified": "2025-07-04T02:32:11Z",
      "resolved": "github:NixOS/nixpkgs/472908faa934435cf781ae8fac77291af3d137d3#upbound",
      "source": "devbox-search",
      "version": "0.39.1",
      "systems": {
        "aarch64-darwin": {
          "outputs": [
            {
              "name": "out",
              "path": "/nix/store/ivkkh322xhf4ab9l5ficfzdj7kd1919y-upbound-0.39.1",
              "default": true
            }
          ],
          "store_path": "/nix/store/ivkkh322xhf4ab9l5ficfzdj7kd1919y-upbound-0.39.1"
        },
        "aarch64-linux": {
          "outputs": [
            {
              "name": "out",
              "path": "/nix/store/z69jcdabx650rf6qvyx5ik6mnxxapyp7-upbound-0.39.1",
              "default": true
            }
          ],
          "store_path": "/nix/store/z69jcdabx650rf6qvyx5ik6mnxxapyp7-upbound-0.39.1"
        },
        "x86_64-darwin": {
          "outputs": [
            {
              "name": "out",
              "path": "/nix/store/knyq0fmbamgay848gjdfx2fd3iqzfm6x-upbound-0.39.1",
              "default": true
            }
          ],
          "store_path": "/nix/store/knyq0fmbamgay848gjdfx2fd3iqzfm6x-upbound-0.39.1"
        },
        "x86_64-linux": {
          "outputs": [
            {
              "name": "out",
              "path": "/nix/store/xxx1fdcjnk22y212g47hd76z028xbacg-upbound-0.39.1",
              "default": true
            }
          ],
          "store_path": "/nix/store/xxx1fdcjnk22y212g47hd76z028xbacg-upbound-0.39.1"
        }
      }
    },
    "yq-go@4.46.1": {
      "last_modified": "2025-07-13T22:45:35Z",
      "resolved": "github:NixOS/nixpkgs/a421ac6595024edcfbb1ef950a3712b89161c359#yq-go",
      "source": "devbox-search",
      "version": "4.46.1",
      "systems": {
        "aarch64-darwin": {
          "outputs": [
            {
              "name": "out",
              "path": "/nix/store/gz488m2g6gms9bk01ywd0iiljrpphwgr-yq-go-4.46.1",
              "default": true
            }
          ],
          "store_path": "/nix/store/gz488m2g6gms9bk01ywd0iiljrpphwgr-yq-go-4.46.1"
        },
        "aarch64-linux": {
          "outputs": [
            {
              "name": "out",
              "path": "/nix/store/q61gs0c1fvfy0mg835p7ir2yl2ax6hcn-yq-go-4.46.1",
              "default": true
            }
          ],
          "store_path": "/nix/store/q61gs0c1fvfy0mg835p7ir2yl2ax6hcn-yq-go-4.46.1"
        },
        "x86_64-darwin": {
          "outputs": [
            {
              "name": "out",
              "path": "/nix/store/pqdpi8wsf90yn59y7j75gim5sfwjhxzv-yq-go-4.46.1",
              "default": true
            }
          ],
          "store_path": "/nix/store/pqdpi8wsf90yn59y7j75gim5sfwjhxzv-yq-go-4.46.1"
        },
        "x86_64-linux": {
          "outputs": [
            {
              "name": "out",
              "path": "/nix/store/7rhp25vwf2298c83sbirnq2qhyjvxwa6-yq-go-4.46.1",
              "default": true
            }
          ],
          "store_path": "/nix/store/7rhp25vwf2298c83sbirnq2qhyjvxwa6-yq-go-4.46.1"
        }
      }
    }
  }
}
