{
  "lockfile_version": "1",
  "packages": {
    "crossplane-cli@1.19.1": {
      "last_modified": "2025-03-31T17:23:37Z",
      "resolved": "github:NixOS/nixpkgs/3eeaa42ef4c19447b48d1c676fe59077dfd0846e#crossplane-cli",
      "source": "devbox-search",
      "version": "1.19.1",
      "systems": {
        "aarch64-darwin": {
          "outputs": [
            {
              "name": "out",
              "path": "/nix/store/fi31rz4flakngx66f8y7djid3ffmkc2r-crossplane-cli-1.19.1",
              "default": true
            }
          ],
          "store_path": "/nix/store/fi31rz4flakngx66f8y7djid3ffmkc2r-crossplane-cli-1.19.1"
        },
        "aarch64-linux": {
          "outputs": [
            {
              "name": "out",
              "path": "/nix/store/v3gnwmqykl00gi659gqydgr34jarnzdi-crossplane-cli-1.19.1",
              "default": true
            }
          ],
          "store_path": "/nix/store/v3gnwmqykl00gi659gqydgr34jarnzdi-crossplane-cli-1.19.1"
        },
        "x86_64-darwin": {
          "outputs": [
            {
              "name": "out",
              "path": "/nix/store/54w7khlgpzvjnwlqq5xq77lass2010fs-crossplane-cli-1.19.1",
              "default": true
            }
          ],
          "store_path": "/nix/store/54w7khlgpzvjnwlqq5xq77lass2010fs-crossplane-cli-1.19.1"
        },
        "x86_64-linux": {
          "outputs": [
            {
              "name": "out",
              "path": "/nix/store/zmfwm3czsaszcaasvlcxi61mwhdwg166-crossplane-cli-1.19.1",
              "default": true
            }
          ],
          "store_path": "/nix/store/zmfwm3czsaszcaasvlcxi61mwhdwg166-crossplane-cli-1.19.1"
        }
      }
    },
    "github:NixOS/nixpkgs/nixpkgs-unstable": {
      "resolved": "github:NixOS/nixpkgs/1128e89fd5e11bb25aedbfc287733c6502202ea9?lastModified=1739451785&narHash=sha256-3ebRdThRic9bHMuNi2IAA%2Fek9b32bsy8F5R4SvGTIog%3D"
    },
    "gum@0.16.0": {
      "last_modified": "2025-03-13T11:38:39Z",
      "resolved": "github:NixOS/nixpkgs/573c650e8a14b2faa0041645ab18aed7e60f0c9a#gum",
      "source": "devbox-search",
      "version": "0.16.0",
      "systems": {
        "aarch64-darwin": {
          "outputs": [
            {
              "name": "out",
              "path": "/nix/store/kwkfj9ifihlfzv7damvf0x42w1l904ld-gum-0.16.0",
              "default": true
            }
          ],
          "store_path": "/nix/store/kwkfj9ifihlfzv7damvf0x42w1l904ld-gum-0.16.0"
        },
        "aarch64-linux": {
          "outputs": [
            {
              "name": "out",
              "path": "/nix/store/fflgnfjyizrfp3kb9kg1rb13zh8iqgpa-gum-0.16.0",
              "default": true
            }
          ],
          "store_path": "/nix/store/fflgnfjyizrfp3kb9kg1rb13zh8iqgpa-gum-0.16.0"
        },
        "x86_64-darwin": {
          "outputs": [
            {
              "name": "out",
              "path": "/nix/store/854g6bmylzpaz7s1xdccfq9x2xkx6fcc-gum-0.16.0",
              "default": true
            }
          ],
          "store_path": "/nix/store/854g6bmylzpaz7s1xdccfq9x2xkx6fcc-gum-0.16.0"
        },
        "x86_64-linux": {
          "outputs": [
            {
              "name": "out",
              "path": "/nix/store/hn1dl52063dlljmzjlx0cw1f59yk5r2n-gum-0.16.0",
              "default": true
            }
          ],
          "store_path": "/nix/store/hn1dl52063dlljmzjlx0cw1f59yk5r2n-gum-0.16.0"
        }
      }
    },
    "jq@1.7.1": {
      "last_modified": "2024-07-07T16:08:25Z",
      "resolved": "github:NixOS/nixpkgs/ab82a9612aa45284d4adf69ee81871a389669a9e#jq",
      "source": "devbox-search",
      "version": "1.7.1",
      "systems": {
        "aarch64-darwin": {
          "outputs": [
            {
              "name": "bin",
              "path": "/nix/store/5dsicv93i37c4rqr08r1zdj8dwpa63nj-jq-1.7.1-bin",
              "default": true
            },
            {
              "name": "man",
              "path": "/nix/store/jf3cf8rxhpc6l40sjcksarfk9nvnpmrw-jq-1.7.1-man",
              "default": true
            },
            {
              "name": "lib",
              "path": "/nix/store/wisxfshfsm2cg4raffilv38cgiqrlw45-jq-1.7.1-lib"
            },
            {
              "name": "out",
              "path": "/nix/store/5mzkysyi9h4bim5plq6d85zqiv3nb3bi-jq-1.7.1"
            },
            {
              "name": "dev",
              "path": "/nix/store/6ad6jxsm7478f0x8rq8rrdc4han7s80j-jq-1.7.1-dev"
            },
            {
              "name": "doc",
              "path": "/nix/store/bll94fwkzpm5sklfwj70848amgrjkrn0-jq-1.7.1-doc"
            }
          ],
          "store_path": "/nix/store/5dsicv93i37c4rqr08r1zdj8dwpa63nj-jq-1.7.1-bin"
        },
        "aarch64-linux": {
          "outputs": [
            {
              "name": "bin",
              "path": "/nix/store/9bm6a5hr2036bp03n7mvcj8qb7z6mcr0-jq-1.7.1-bin",
              "default": true
            },
            {
              "name": "man",
              "path": "/nix/store/hqck6h5n2av24gvs8fbq566v03fcmw17-jq-1.7.1-man",
              "default": true
            },
            {
              "name": "out",
              "path": "/nix/store/0sh7a753nby7r3849sz8gy4cbnkd45i4-jq-1.7.1"
            },
            {
              "name": "dev",
              "path": "/nix/store/h0v2snl3jji71maplpiyjnb4xblgf428-jq-1.7.1-dev"
            },
            {
              "name": "doc",
              "path": "/nix/store/w74r4zi5cy74qmmzziq0vkp5lr0vg95i-jq-1.7.1-doc"
            },
            {
              "name": "lib",
              "path": "/nix/store/gnansglnqy5s2yiy4p9nf07iid8y6hl1-jq-1.7.1-lib"
            }
          ],
          "store_path": "/nix/store/9bm6a5hr2036bp03n7mvcj8qb7z6mcr0-jq-1.7.1-bin"
        },
        "x86_64-darwin": {
          "outputs": [
            {
              "name": "bin",
              "path": "/nix/store/bcyvwrb0hl85gckd2f3rfl1ih69r5pwz-jq-1.7.1-bin",
              "default": true
            },
            {
              "name": "man",
              "path": "/nix/store/arsqld8fq5sg7lsy39g12xr1dim25afw-jq-1.7.1-man",
              "default": true
            },
            {
              "name": "dev",
              "path": "/nix/store/q1bqzh7ngrskmdcswx5i9fvxnl24qiaq-jq-1.7.1-dev"
            },
            {
              "name": "doc",
              "path": "/nix/store/mh4hdlh3qhbbq991rk5ab3903fai0nkc-jq-1.7.1-doc"
            },
            {
              "name": "lib",
              "path": "/nix/store/8pw8540dyhqc5mbmd2bd7ah2lxaaa01j-jq-1.7.1-lib"
            },
            {
              "name": "out",
              "path": "/nix/store/gbp8xd6x3cj7d1yd7cslnrfbjxvqzdls-jq-1.7.1"
            }
          ],
          "store_path": "/nix/store/bcyvwrb0hl85gckd2f3rfl1ih69r5pwz-jq-1.7.1-bin"
        },
        "x86_64-linux": {
          "outputs": [
            {
              "name": "bin",
              "path": "/nix/store/axpqa3f5l63mc38h11x1gc5cykw8bn5i-jq-1.7.1-bin",
              "default": true
            },
            {
              "name": "man",
              "path": "/nix/store/wfmw87vqkz2xifc9sb0gvnad1l73qk6v-jq-1.7.1-man",
              "default": true
            },
            {
              "name": "dev",
              "path": "/nix/store/nnawicd7asp8mn0gsp8j0gxd81y1jasr-jq-1.7.1-dev"
            },
            {
              "name": "doc",
              "path": "/nix/store/7nx4qp08rd6f92iw377lzrvdhpzslrvy-jq-1.7.1-doc"
            },
            {
              "name": "lib",
              "path": "/nix/store/133fxjd0mqf8x720c2a8cp9175ma0n9x-jq-1.7.1-lib"
            },
            {
              "name": "out",
              "path": "/nix/store/iw31k4crvrhmgykdxy0dyz632h2jhzkz-jq-1.7.1"
            }
          ],
          "store_path": "/nix/store/axpqa3f5l63mc38h11x1gc5cykw8bn5i-jq-1.7.1-bin"
        }
      }
    },
    "just@1.40.0": {
      "last_modified": "2025-03-20T07:39:01Z",
      "resolved": "github:NixOS/nixpkgs/7344a3b78128f7b1765dba89060b015fb75431a7#just",
      "source": "devbox-search",
      "version": "1.40.0",
      "systems": {
        "aarch64-darwin": {
          "outputs": [
            {
              "name": "out",
              "path": "/nix/store/7s6jjr9yh3pjzzmfq9szl5byvd0zcm4r-just-1.40.0",
              "default": true
            },
            {
              "name": "man",
              "path": "/nix/store/kqxgdyrnd7h9vhsdyi04665i7c9c6h9q-just-1.40.0-man",
              "default": true
            },
            {
              "name": "doc",
              "path": "/nix/store/01x2fzbbv7gs152fk0qdpl67mk2caqnz-just-1.40.0-doc"
            }
          ],
          "store_path": "/nix/store/7s6jjr9yh3pjzzmfq9szl5byvd0zcm4r-just-1.40.0"
        },
        "aarch64-linux": {
          "outputs": [
            {
              "name": "out",
              "path": "/nix/store/i0zav6qnkikj0v440n9d8vn70ch3afan-just-1.40.0",
              "default": true
            },
            {
              "name": "man",
              "path": "/nix/store/ccia6l0vqg48mp4jwxchy88ildg6lp3a-just-1.40.0-man",
              "default": true
            },
            {
              "name": "doc",
              "path": "/nix/store/zfkkmq04b9km9px6ph5myxdandp0iy7l-just-1.40.0-doc"
            }
          ],
          "store_path": "/nix/store/i0zav6qnkikj0v440n9d8vn70ch3afan-just-1.40.0"
        },
        "x86_64-darwin": {
          "outputs": [
            {
              "name": "out",
              "path": "/nix/store/fl4nsvgy3si1396cxs4w1i21b2sshs4c-just-1.40.0",
              "default": true
            },
            {
              "name": "man",
              "path": "/nix/store/6wdy1cj4zq5fwbngdx8lyzyi65861242-just-1.40.0-man",
              "default": true
            },
            {
              "name": "doc",
              "path": "/nix/store/szwyj66avppjb9nq3k612shklrqzymis-just-1.40.0-doc"
            }
          ],
          "store_path": "/nix/store/fl4nsvgy3si1396cxs4w1i21b2sshs4c-just-1.40.0"
        },
        "x86_64-linux": {
          "outputs": [
            {
              "name": "out",
              "path": "/nix/store/61yk0f16bysq9pzm3dgyanbnxx4vylm7-just-1.40.0",
              "default": true
            },
            {
              "name": "man",
              "path": "/nix/store/8vyfrw5lc62bfk48pszj5d8c6f67cv5r-just-1.40.0-man",
              "default": true
            },
            {
              "name": "doc",
              "path": "/nix/store/lrissa28adlb43a2qcq379b7qsdfcdmr-just-1.40.0-doc"
            }
          ],
          "store_path": "/nix/store/61yk0f16bysq9pzm3dgyanbnxx4vylm7-just-1.40.0"
        }
      }
    },
    "kcl-cli@0.8.9": {
      "last_modified": "2024-06-12T20:55:33Z",
      "resolved": "github:NixOS/nixpkgs/a9858885e197f984d92d7fe64e9fff6b2e488d40#kcl-cli",
      "source": "devbox-search",
      "version": "0.8.9",
      "systems": {
        "aarch64-darwin": {
          "outputs": [
            {
              "name": "out",
              "path": "/nix/store/ry8c4a6x9nbbsmaj2lj1irlgmcs7smdl-kcl-cli-0.8.9",
              "default": true
            }
          ],
          "store_path": "/nix/store/ry8c4a6x9nbbsmaj2lj1irlgmcs7smdl-kcl-cli-0.8.9"
        },
        "aarch64-linux": {
          "outputs": [
            {
              "name": "out",
              "path": "/nix/store/58ifnm27y99m1w0rgpzmhrbcmxndk523-kcl-cli-0.8.9",
              "default": true
            }
          ],
          "store_path": "/nix/store/58ifnm27y99m1w0rgpzmhrbcmxndk523-kcl-cli-0.8.9"
        },
        "x86_64-darwin": {
          "outputs": [
            {
              "name": "out",
              "path": "/nix/store/2pkcszc6208v05wl3q3l00mkv4am7v2l-kcl-cli-0.8.9",
              "default": true
            }
          ],
          "store_path": "/nix/store/2pkcszc6208v05wl3q3l00mkv4am7v2l-kcl-cli-0.8.9"
        },
        "x86_64-linux": {
          "outputs": [
            {
              "name": "out",
              "path": "/nix/store/dvj111276zx6mimvcpfars11gwq071nl-kcl-cli-0.8.9",
              "default": true
            }
          ],
          "store_path": "/nix/store/dvj111276zx6mimvcpfars11gwq071nl-kcl-cli-0.8.9"
        }
      }
    },
    "kind@0.27.0": {
      "last_modified": "2025-02-17T23:19:04Z",
      "resolved": "github:NixOS/nixpkgs/f0295845e58ada369322524631821b01c0db13a7#kind",
      "source": "devbox-search",
      "version": "0.27.0",
      "systems": {
        "aarch64-darwin": {
          "outputs": [
            {
              "name": "out",
              "path": "/nix/store/fmh9mwr6mv8lpks10csrl97gm3rh0jh2-kind-0.27.0",
              "default": true
            }
          ],
          "store_path": "/nix/store/fmh9mwr6mv8lpks10csrl97gm3rh0jh2-kind-0.27.0"
        },
        "aarch64-linux": {
          "outputs": [
            {
              "name": "out",
              "path": "/nix/store/i1jrn83fzdm2xr9wcn79jygisq3qaakw-kind-0.27.0",
              "default": true
            }
          ],
          "store_path": "/nix/store/i1jrn83fzdm2xr9wcn79jygisq3qaakw-kind-0.27.0"
        },
        "x86_64-darwin": {
          "outputs": [
            {
              "name": "out",
              "path": "/nix/store/qi782468mbssz4nvb13p258as6dc1ymp-kind-0.27.0",
              "default": true
            }
          ],
          "store_path": "/nix/store/qi782468mbssz4nvb13p258as6dc1ymp-kind-0.27.0"
        },
        "x86_64-linux": {
          "outputs": [
            {
              "name": "out",
              "path": "/nix/store/9vbbi6g46px48k0kq1gpz069a9aw4fmz-kind-0.27.0",
              "default": true
            }
          ],
          "store_path": "/nix/store/9vbbi6g46px48k0kq1gpz069a9aw4fmz-kind-0.27.0"
        }
      }
    },
    "kubectl@1.33.0": {
      "last_modified": "2025-05-06T08:06:31Z",
      "resolved": "github:NixOS/nixpkgs/1cb1c02a6b1b7cf67e3d7731cbbf327a53da9679#kubectl",
      "source": "devbox-search",
      "version": "1.33.0",
      "systems": {
        "aarch64-darwin": {
          "outputs": [
            {
              "name": "out",
              "path": "/nix/store/ca0rizbf9qc8rqmn3cqzzy65k2il9dz8-kubectl-1.33.0",
              "default": true
            },
            {
              "name": "man",
              "path": "/nix/store/2nj939rw1s5a7n9ky3r7rzpw9mvn0pgm-kubectl-1.33.0-man",
              "default": true
            },
            {
              "name": "convert",
              "path": "/nix/store/4skllfm7pi9fvbrjxc77pwwnkvzbbk9d-kubectl-1.33.0-convert"
            }
          ],
          "store_path": "/nix/store/ca0rizbf9qc8rqmn3cqzzy65k2il9dz8-kubectl-1.33.0"
        },
        "aarch64-linux": {
          "outputs": [
            {
              "name": "out",
              "path": "/nix/store/7zg6c6ia3qvpl90xdpf8ky2wn2kcg42h-kubectl-1.33.0",
              "default": true
            },
            {
              "name": "man",
              "path": "/nix/store/4jh2hs3iawrsfbsih2ddzr42gbhbyixc-kubectl-1.33.0-man",
              "default": true
            },
            {
              "name": "convert",
              "path": "/nix/store/krdav16jc0jvrgpivgwyprkrpvfsmk5n-kubectl-1.33.0-convert"
            }
          ],
          "store_path": "/nix/store/7zg6c6ia3qvpl90xdpf8ky2wn2kcg42h-kubectl-1.33.0"
        },
        "x86_64-darwin": {
          "outputs": [
            {
              "name": "out",
              "path": "/nix/store/j6s7v31ss9qlc79ac363vqnq28p62l8c-kubectl-1.33.0",
              "default": true
            },
            {
              "name": "man",
              "path": "/nix/store/i919x98v35viisiylbgskyi5imjm2ppg-kubectl-1.33.0-man",
              "default": true
            },
            {
              "name": "convert",
              "path": "/nix/store/3rbhqv054ijp51zzh60lbws6ia7madj1-kubectl-1.33.0-convert"
            }
          ],
          "store_path": "/nix/store/j6s7v31ss9qlc79ac363vqnq28p62l8c-kubectl-1.33.0"
        },
        "x86_64-linux": {
          "outputs": [
            {
              "name": "out",
              "path": "/nix/store/9rn354l23mr9kh840kn94c3p9bns4wd4-kubectl-1.33.0",
              "default": true
            },
            {
              "name": "man",
              "path": "/nix/store/sakg9rw3pdg0d0pbpjizvy8vcyydqxrc-kubectl-1.33.0-man",
              "default": true
            },
            {
              "name": "convert",
              "path": "/nix/store/8bs481ic0gwaa5m3qz6hqzxrxnskv3zw-kubectl-1.33.0-convert"
            }
          ],
          "store_path": "/nix/store/9rn354l23mr9kh840kn94c3p9bns4wd4-kubectl-1.33.0"
        }
      }
    },
    "kubernetes-helm@3.17.3": {
      "last_modified": "2025-04-10T20:20:34Z",
      "resolved": "github:NixOS/nixpkgs/d19cf9dfc633816a437204555afeb9e722386b76#kubernetes-helm",
      "source": "devbox-search",
      "version": "3.17.3",
      "systems": {
        "aarch64-darwin": {
          "outputs": [
            {
              "name": "out",
              "path": "/nix/store/4dmgpl8ldac8i190r5blsi6f95nb8sb8-kubernetes-helm-3.17.3",
              "default": true
            }
          ],
          "store_path": "/nix/store/4dmgpl8ldac8i190r5blsi6f95nb8sb8-kubernetes-helm-3.17.3"
        },
        "aarch64-linux": {
          "outputs": [
            {
              "name": "out",
              "path": "/nix/store/hzmprxfipk2l3yb6455n849ks4gypl9g-kubernetes-helm-3.17.3",
              "default": true
            }
          ],
          "store_path": "/nix/store/hzmprxfipk2l3yb6455n849ks4gypl9g-kubernetes-helm-3.17.3"
        },
        "x86_64-darwin": {
          "outputs": [
            {
              "name": "out",
              "path": "/nix/store/0nx384vvzwwwbrk5vqvsy1wzcravxn7j-kubernetes-helm-3.17.3",
              "default": true
            }
          ],
          "store_path": "/nix/store/0nx384vvzwwwbrk5vqvsy1wzcravxn7j-kubernetes-helm-3.17.3"
        },
        "x86_64-linux": {
          "outputs": [
            {
              "name": "out",
              "path": "/nix/store/4gz844q6xmiklm4416vzzr4h7sw8ajf9-kubernetes-helm-3.17.3",
              "default": true
            }
          ],
          "store_path": "/nix/store/4gz844q6xmiklm4416vzzr4h7sw8ajf9-kubernetes-helm-3.17.3"
        }
      }
    },
    "kyverno-chainsaw@0.2.12": {
      "last_modified": "2025-01-19T08:16:51Z",
      "resolved": "github:NixOS/nixpkgs/50165c4f7eb48ce82bd063e1fb8047a0f515f8ce#kyverno-chainsaw",
      "source": "devbox-search",
      "version": "0.2.12",
      "systems": {
        "aarch64-darwin": {
          "outputs": [
            {
              "name": "out",
              "path": "/nix/store/v1vh5z91ypsyyb0abh5rqxd5hidhyj0f-kyverno-chainsaw-0.2.12",
              "default": true
            }
          ],
          "store_path": "/nix/store/v1vh5z91ypsyyb0abh5rqxd5hidhyj0f-kyverno-chainsaw-0.2.12"
        },
        "aarch64-linux": {
          "outputs": [
            {
              "name": "out",
              "path": "/nix/store/8jmh6faqwbx5g2wyj8czvl5n14gfpxx9-kyverno-chainsaw-0.2.12",
              "default": true
            }
          ],
          "store_path": "/nix/store/8jmh6faqwbx5g2wyj8czvl5n14gfpxx9-kyverno-chainsaw-0.2.12"
        },
        "x86_64-darwin": {
          "outputs": [
            {
              "name": "out",
              "path": "/nix/store/mfi7c8ky8kwy1pj37hpamkwr2m6px461-kyverno-chainsaw-0.2.12",
              "default": true
            }
          ],
          "store_path": "/nix/store/mfi7c8ky8kwy1pj37hpamkwr2m6px461-kyverno-chainsaw-0.2.12"
        },
        "x86_64-linux": {
          "outputs": [
            {
              "name": "out",
              "path": "/nix/store/q9znv398daff24b5hr7x5qgx9iyf6ip8-kyverno-chainsaw-0.2.12",
              "default": true
            }
          ],
          "store_path": "/nix/store/q9znv398daff24b5hr7x5qgx9iyf6ip8-kyverno-chainsaw-0.2.12"
        }
      }
    },
    "upbound@0.38.4": {
      "last_modified": "2025-03-27T11:50:31Z",
      "resolved": "github:NixOS/nixpkgs/6c5963357f3c1c840201eda129a99d455074db04#upbound",
      "source": "devbox-search",
      "version": "0.38.4",
      "systems": {
        "aarch64-darwin": {
          "outputs": [
            {
              "name": "out",
              "path": "/nix/store/cy0p7dlisi6q932di339brziwhyxxzv6-upbound-0.38.4",
              "default": true
            }
          ],
          "store_path": "/nix/store/cy0p7dlisi6q932di339brziwhyxxzv6-upbound-0.38.4"
        },
        "aarch64-linux": {
          "outputs": [
            {
              "name": "out",
              "path": "/nix/store/cwnjrkwincchyq5n0235hca79fgw90ry-upbound-0.38.4",
              "default": true
            }
          ],
          "store_path": "/nix/store/cwnjrkwincchyq5n0235hca79fgw90ry-upbound-0.38.4"
        },
        "x86_64-darwin": {
          "outputs": [
            {
              "name": "out",
              "path": "/nix/store/3r3rxyc8117glr0r5pz6lqn7wq025mrp-upbound-0.38.4",
              "default": true
            }
          ],
          "store_path": "/nix/store/3r3rxyc8117glr0r5pz6lqn7wq025mrp-upbound-0.38.4"
        },
        "x86_64-linux": {
          "outputs": [
            {
              "name": "out",
              "path": "/nix/store/mr9w1rm8hn78jww1l2sk6m9gndss9q1a-upbound-0.38.4",
              "default": true
            }
          ],
          "store_path": "/nix/store/mr9w1rm8hn78jww1l2sk6m9gndss9q1a-upbound-0.38.4"
        }
      }
    },
    "yq-go@4.45.1": {
      "last_modified": "2025-01-19T08:16:51Z",
      "resolved": "github:NixOS/nixpkgs/50165c4f7eb48ce82bd063e1fb8047a0f515f8ce#yq-go",
      "source": "devbox-search",
      "version": "4.45.1",
      "systems": {
        "aarch64-darwin": {
          "outputs": [
            {
              "name": "out",
              "path": "/nix/store/2g34102lnfgsr7n2g2fm11r945lxmxgx-yq-go-4.45.1",
              "default": true
            }
          ],
          "store_path": "/nix/store/2g34102lnfgsr7n2g2fm11r945lxmxgx-yq-go-4.45.1"
        },
        "aarch64-linux": {
          "outputs": [
            {
              "name": "out",
              "path": "/nix/store/nsl4sm3zc4hl16l8zvcrnpw0kqkp21xh-yq-go-4.45.1",
              "default": true
            }
          ],
          "store_path": "/nix/store/nsl4sm3zc4hl16l8zvcrnpw0kqkp21xh-yq-go-4.45.1"
        },
        "x86_64-darwin": {
          "outputs": [
            {
              "name": "out",
              "path": "/nix/store/5v8g3w5ggravlps5qw49scidhk15dxgq-yq-go-4.45.1",
              "default": true
            }
          ],
          "store_path": "/nix/store/5v8g3w5ggravlps5qw49scidhk15dxgq-yq-go-4.45.1"
        },
        "x86_64-linux": {
          "outputs": [
            {
              "name": "out",
              "path": "/nix/store/0zcjg419anbc1g2ccry71k14wi4j8nsp-yq-go-4.45.1",
              "default": true
            }
          ],
          "store_path": "/nix/store/0zcjg419anbc1g2ccry71k14wi4j8nsp-yq-go-4.45.1"
        }
      }
    }
  }
}
